PODS:
  - Alamofire (5.0.0-beta.6)
  - GoogleSignIn (4.4.0):
    - "GoogleToolboxForMac/NSDictionary+URLArguments (~> 2.1)"
    - "GoogleToolboxForMac/NSString+URLArguments (~> 2.1)"
    - GTMSessionFetcher/Core (~> 1.1)
  - GoogleToolboxForMac/DebugUtils (2.2.0):
    - GoogleToolboxForMac/Defines (= 2.2.0)
  - GoogleToolboxForMac/Defines (2.2.0)
  - "GoogleToolboxForMac/NSDictionary+URLArguments (2.2.0)":
    - GoogleToolboxForMac/DebugUtils (= 2.2.0)
    - GoogleToolboxForMac/Defines (= 2.2.0)
    - "GoogleToolboxForMac/NSString+URLArguments (= 2.2.0)"
  - "GoogleToolboxForMac/NSString+URLArguments (2.2.0)"
  - GTMSessionFetcher/Core (1.2.1)
  - ProgressHUD (2.60)

DEPENDENCIES:
  - Alamofire (~> 5.0.0-beta.5)
  - GoogleSignIn
  - ProgressHUD

SPEC REPOS:
  https://github.com/cocoapods/specs.git:
    - Alamofire
    - GoogleSignIn
    - GoogleToolboxForMac
    - GTMSessionFetcher
    - ProgressHUD

SPEC CHECKSUMS:
  Alamofire: cd08a4402bd12cacd0c66f23fb12fec8d6b965e4
  GoogleSignIn: 7ff245e1a7b26d379099d3243a562f5747e23d39
  GoogleToolboxForMac: ff31605b7d66400dcec09bed5861689aebadda4d
  GTMSessionFetcher: 32aeca0aa144acea523e1c8e053089dec2cb98ca
  ProgressHUD: 4e4efbaf4f5de8bd32e0c4c3b6644a90ea1a8c3e

PODFILE CHECKSUM: 37de95fdefa66c2bbc03da7c21af4ab23e96bf47

COCOAPODS: 1.6.1
