// !$*UTF8*$!
{
	archiveVersion = 1;
	classes = {
	};
	objectVersion = 50;
	objects = {

/* Begin PBXBuildFile section */
		DA80F40F2282D341004285F9 /* Assets.xcassets in Resources */ = {isa = PBXBuildFile; fileRef = DA80F40E2282D341004285F9 /* Assets.xcassets */; };
		DA80F41D2282D341004285F9 /* demoCaptureImageTests.swift in Sources */ = {isa = PBXBuildFile; fileRef = DA80F41C2282D341004285F9 /* demoCaptureImageTests.swift */; };
		DA80F4282282D341004285F9 /* demoCaptureImageUITests.swift in Sources */ = {isa = PBXBuildFile; fileRef = DA80F4272282D341004285F9 /* demoCaptureImageUITests.swift */; };
		DA931AF1228405BD0047DC90 /* Prod.xcconfig in Resources */ = {isa = PBXBuildFile; fileRef = DA931AEE228405BD0047DC90 /* Prod.xcconfig */; };
		DA931AF2228405BD0047DC90 /* Dev.xcconfig in Resources */ = {isa = PBXBuildFile; fileRef = DA931AEF228405BD0047DC90 /* Dev.xcconfig */; };
		DA931AF3228405BD0047DC90 /* Stagging.xcconfig in Resources */ = {isa = PBXBuildFile; fileRef = DA931AF0228405BD0047DC90 /* Stagging.xcconfig */; };
		DA931AF82284061D0047DC90 /* AppDelegate.swift in Sources */ = {isa = PBXBuildFile; fileRef = DA931AF72284061D0047DC90 /* AppDelegate.swift */; };
		DA931AFA228406370047DC90 /* ViewController.swift in Sources */ = {isa = PBXBuildFile; fileRef = DA931AF9228406370047DC90 /* ViewController.swift */; };
		DA931AFD228406C70047DC90 /* Main.storyboard in Resources */ = {isa = PBXBuildFile; fileRef = DA931AFB228406C70047DC90 /* Main.storyboard */; };
		DA931AFE228406C70047DC90 /* LaunchScreen.storyboard in Resources */ = {isa = PBXBuildFile; fileRef = DA931AFC228406C70047DC90 /* LaunchScreen.storyboard */; };
/* End PBXBuildFile section */

/* Begin PBXContainerItemProxy section */
		DA80F4192282D341004285F9 /* PBXContainerItemProxy */ = {
			isa = PBXContainerItemProxy;
			containerPortal = DA80F3FC2282D33F004285F9 /* Project object */;
			proxyType = 1;
			remoteGlobalIDString = DA80F4032282D33F004285F9;
			remoteInfo = demoCaptureImage;
		};
		DA80F4242282D341004285F9 /* PBXContainerItemProxy */ = {
			isa = PBXContainerItemProxy;
			containerPortal = DA80F3FC2282D33F004285F9 /* Project object */;
			proxyType = 1;
			remoteGlobalIDString = DA80F4032282D33F004285F9;
			remoteInfo = demoCaptureImage;
		};
/* End PBXContainerItemProxy section */

/* Begin PBXFileReference section */
		DA80F4042282D33F004285F9 /* demoCaptureImage.app */ = {isa = PBXFileReference; explicitFileType = wrapper.application; includeInIndex = 0; path = demoCaptureImage.app; sourceTree = BUILT_PRODUCTS_DIR; };
		DA80F40E2282D341004285F9 /* Assets.xcassets */ = {isa = PBXFileReference; lastKnownFileType = folder.assetcatalog; path = Assets.xcassets; sourceTree = "<group>"; };
		DA80F4182282D341004285F9 /* demoCaptureImageTests.xctest */ = {isa = PBXFileReference; explicitFileType = wrapper.cfbundle; includeInIndex = 0; path = demoCaptureImageTests.xctest; sourceTree = BUILT_PRODUCTS_DIR; };
		DA80F41C2282D341004285F9 /* demoCaptureImageTests.swift */ = {isa = PBXFileReference; lastKnownFileType = sourcecode.swift; path = demoCaptureImageTests.swift; sourceTree = "<group>"; };
		DA80F41E2282D341004285F9 /* Info.plist */ = {isa = PBXFileReference; lastKnownFileType = text.plist.xml; path = Info.plist; sourceTree = "<group>"; };
		DA80F4232282D341004285F9 /* demoCaptureImageUITests.xctest */ = {isa = PBXFileReference; explicitFileType = wrapper.cfbundle; includeInIndex = 0; path = demoCaptureImageUITests.xctest; sourceTree = BUILT_PRODUCTS_DIR; };
		DA80F4272282D341004285F9 /* demoCaptureImageUITests.swift */ = {isa = PBXFileReference; lastKnownFileType = sourcecode.swift; path = demoCaptureImageUITests.swift; sourceTree = "<group>"; };
		DA80F4292282D341004285F9 /* Info.plist */ = {isa = PBXFileReference; lastKnownFileType = text.plist.xml; path = Info.plist; sourceTree = "<group>"; };
		DA931AE92284038F0047DC90 /* Info.plist */ = {isa = PBXFileReference; fileEncoding = 4; lastKnownFileType = text.plist.xml; path = Info.plist; sourceTree = "<group>"; };
		DA931AEE228405BD0047DC90 /* Prod.xcconfig */ = {isa = PBXFileReference; fileEncoding = 4; lastKnownFileType = text.xcconfig; path = Prod.xcconfig; sourceTree = "<group>"; };
		DA931AEF228405BD0047DC90 /* Dev.xcconfig */ = {isa = PBXFileReference; fileEncoding = 4; lastKnownFileType = text.xcconfig; path = Dev.xcconfig; sourceTree = "<group>"; };
		DA931AF0228405BD0047DC90 /* Stagging.xcconfig */ = {isa = PBXFileReference; fileEncoding = 4; lastKnownFileType = text.xcconfig; path = Stagging.xcconfig; sourceTree = "<group>"; };
		DA931AF72284061D0047DC90 /* AppDelegate.swift */ = {isa = PBXFileReference; fileEncoding = 4; lastKnownFileType = sourcecode.swift; path = AppDelegate.swift; sourceTree = "<group>"; };
		DA931AF9228406370047DC90 /* ViewController.swift */ = {isa = PBXFileReference; fileEncoding = 4; lastKnownFileType = sourcecode.swift; path = ViewController.swift; sourceTree = "<group>"; };
		DA931AFB228406C70047DC90 /* Main.storyboard */ = {isa = PBXFileReference; fileEncoding = 4; lastKnownFileType = file.storyboard; path = Main.storyboard; sourceTree = "<group>"; };
		DA931AFC228406C70047DC90 /* LaunchScreen.storyboard */ = {isa = PBXFileReference; fileEncoding = 4; lastKnownFileType = file.storyboard; path = LaunchScreen.storyboard; sourceTree = "<group>"; };
/* End PBXFileReference section */

/* Begin PBXFrameworksBuildPhase section */
		DA80F4012282D33F004285F9 /* Frameworks */ = {
			isa = PBXFrameworksBuildPhase;
			buildActionMask = 2147483647;
			files = (
			);
			runOnlyForDeploymentPostprocessing = 0;
		};
		DA80F4152282D341004285F9 /* Frameworks */ = {
			isa = PBXFrameworksBuildPhase;
			buildActionMask = 2147483647;
			files = (
			);
			runOnlyForDeploymentPostprocessing = 0;
		};
		DA80F4202282D341004285F9 /* Frameworks */ = {
			isa = PBXFrameworksBuildPhase;
			buildActionMask = 2147483647;
			files = (
			);
			runOnlyForDeploymentPostprocessing = 0;
		};
/* End PBXFrameworksBuildPhase section */

/* Begin PBXGroup section */
		DA80F3FB2282D33F004285F9 = {
			isa = PBXGroup;
			children = (
				DA931AED2284058E0047DC90 /* AppConfig */,
				DA80F4062282D33F004285F9 /* demoCaptureImage */,
				DA80F41B2282D341004285F9 /* demoCaptureImageTests */,
				DA80F4262282D341004285F9 /* demoCaptureImageUITests */,
				DA80F4052282D33F004285F9 /* Products */,
			);
			sourceTree = "<group>";
		};
		DA80F4052282D33F004285F9 /* Products */ = {
			isa = PBXGroup;
			children = (
				DA80F4042282D33F004285F9 /* demoCaptureImage.app */,
				DA80F4182282D341004285F9 /* demoCaptureImageTests.xctest */,
				DA80F4232282D341004285F9 /* demoCaptureImageUITests.xctest */,
			);
			name = Products;
			sourceTree = "<group>";
		};
		DA80F4062282D33F004285F9 /* demoCaptureImage */ = {
			isa = PBXGroup;
			children = (
				DA931AF5228405FD0047DC90 /* App */,
				DA931AF4228405FD0047DC90 /* Controller */,
				DA931AF6228405FD0047DC90 /* Storyboard */,
				DA931AE92284038F0047DC90 /* Info.plist */,
				DA80F40E2282D341004285F9 /* Assets.xcassets */,
			);
			path = demoCaptureImage;
			sourceTree = "<group>";
		};
		DA80F41B2282D341004285F9 /* demoCaptureImageTests */ = {
			isa = PBXGroup;
			children = (
				DA80F41C2282D341004285F9 /* demoCaptureImageTests.swift */,
				DA80F41E2282D341004285F9 /* Info.plist */,
			);
			path = demoCaptureImageTests;
			sourceTree = "<group>";
		};
		DA80F4262282D341004285F9 /* demoCaptureImageUITests */ = {
			isa = PBXGroup;
			children = (
				DA80F4272282D341004285F9 /* demoCaptureImageUITests.swift */,
				DA80F4292282D341004285F9 /* Info.plist */,
			);
			path = demoCaptureImageUITests;
			sourceTree = "<group>";
		};
		DA931AED2284058E0047DC90 /* AppConfig */ = {
			isa = PBXGroup;
			children = (
				DA931AEF228405BD0047DC90 /* Dev.xcconfig */,
				DA931AEE228405BD0047DC90 /* Prod.xcconfig */,
				DA931AF0228405BD0047DC90 /* Stagging.xcconfig */,
			);
			path = AppConfig;
			sourceTree = "<group>";
		};
		DA931AF4228405FD0047DC90 /* Controller */ = {
			isa = PBXGroup;
			children = (
				DA931AF9228406370047DC90 /* ViewController.swift */,
			);
			path = Controller;
			sourceTree = "<group>";
		};
		DA931AF5228405FD0047DC90 /* App */ = {
			isa = PBXGroup;
			children = (
				DA931AF72284061D0047DC90 /* AppDelegate.swift */,
			);
			path = App;
			sourceTree = "<group>";
		};
		DA931AF6228405FD0047DC90 /* Storyboard */ = {
			isa = PBXGroup;
			children = (
				DA931AFC228406C70047DC90 /* LaunchScreen.storyboard */,
				DA931AFB228406C70047DC90 /* Main.storyboard */,
			);
			path = Storyboard;
			sourceTree = "<group>";
		};
/* End PBXGroup section */

/* Begin PBXNativeTarget section */
		DA80F4032282D33F004285F9 /* demoCaptureImage */ = {
			isa = PBXNativeTarget;
			buildConfigurationList = DA80F42C2282D341004285F9 /* Build configuration list for PBXNativeTarget "demoCaptureImage" */;
			buildPhases = (
				DA80F4002282D33F004285F9 /* Sources */,
				DA80F4012282D33F004285F9 /* Frameworks */,
				DA80F4022282D33F004285F9 /* Resources */,
			);
			buildRules = (
			);
			dependencies = (
			);
			name = demoCaptureImage;
			productName = demoCaptureImage;
			productReference = DA80F4042282D33F004285F9 /* demoCaptureImage.app */;
			productType = "com.apple.product-type.application";
		};
		DA80F4172282D341004285F9 /* demoCaptureImageTests */ = {
			isa = PBXNativeTarget;
			buildConfigurationList = DA80F42F2282D341004285F9 /* Build configuration list for PBXNativeTarget "demoCaptureImageTests" */;
			buildPhases = (
				DA80F4142282D341004285F9 /* Sources */,
				DA80F4152282D341004285F9 /* Frameworks */,
				DA80F4162282D341004285F9 /* Resources */,
			);
			buildRules = (
			);
			dependencies = (
				DA80F41A2282D341004285F9 /* PBXTargetDependency */,
			);
			name = demoCaptureImageTests;
			productName = demoCaptureImageTests;
			productReference = DA80F4182282D341004285F9 /* demoCaptureImageTests.xctest */;
			productType = "com.apple.product-type.bundle.unit-test";
		};
		DA80F4222282D341004285F9 /* demoCaptureImageUITests */ = {
			isa = PBXNativeTarget;
			buildConfigurationList = DA80F4322282D341004285F9 /* Build configuration list for PBXNativeTarget "demoCaptureImageUITests" */;
			buildPhases = (
				DA80F41F2282D341004285F9 /* Sources */,
				DA80F4202282D341004285F9 /* Frameworks */,
				DA80F4212282D341004285F9 /* Resources */,
			);
			buildRules = (
			);
			dependencies = (
				DA80F4252282D341004285F9 /* PBXTargetDependency */,
			);
			name = demoCaptureImageUITests;
			productName = demoCaptureImageUITests;
			productReference = DA80F4232282D341004285F9 /* demoCaptureImageUITests.xctest */;
			productType = "com.apple.product-type.bundle.ui-testing";
		};
/* End PBXNativeTarget section */

/* Begin PBXProject section */
		DA80F3FC2282D33F004285F9 /* Project object */ = {
			isa = PBXProject;
			attributes = {
				LastSwiftUpdateCheck = 1020;
				LastUpgradeCheck = 1020;
				ORGANIZATIONNAME = phatnt;
				TargetAttributes = {
					DA80F4032282D33F004285F9 = {
						CreatedOnToolsVersion = 10.2.1;
					};
					DA80F4172282D341004285F9 = {
						CreatedOnToolsVersion = 10.2.1;
						TestTargetID = DA80F4032282D33F004285F9;
					};
					DA80F4222282D341004285F9 = {
						CreatedOnToolsVersion = 10.2.1;
						TestTargetID = DA80F4032282D33F004285F9;
					};
				};
			};
			buildConfigurationList = DA80F3FF2282D33F004285F9 /* Build configuration list for PBXProject "demoCaptureImage" */;
			compatibilityVersion = "Xcode 9.3";
			developmentRegion = en;
			hasScannedForEncodings = 0;
			knownRegions = (
				en,
				Base,
			);
			mainGroup = DA80F3FB2282D33F004285F9;
			productRefGroup = DA80F4052282D33F004285F9 /* Products */;
			projectDirPath = "";
			projectRoot = "";
			targets = (
				DA80F4032282D33F004285F9 /* demoCaptureImage */,
				DA80F4172282D341004285F9 /* demoCaptureImageTests */,
				DA80F4222282D341004285F9 /* demoCaptureImageUITests */,
			);
		};
/* End PBXProject section */

/* Begin PBXResourcesBuildPhase section */
		DA80F4022282D33F004285F9 /* Resources */ = {
			isa = PBXResourcesBuildPhase;
			buildActionMask = 2147483647;
			files = (
				DA80F40F2282D341004285F9 /* Assets.xcassets in Resources */,
				DA931AF3228405BD0047DC90 /* Stagging.xcconfig in Resources */,
				DA931AF2228405BD0047DC90 /* Dev.xcconfig in Resources */,
				DA931AFD228406C70047DC90 /* Main.storyboard in Resources */,
				DA931AFE228406C70047DC90 /* LaunchScreen.storyboard in Resources */,
				DA931AF1228405BD0047DC90 /* Prod.xcconfig in Resources */,
			);
			runOnlyForDeploymentPostprocessing = 0;
		};
		DA80F4162282D341004285F9 /* Resources */ = {
			isa = PBXResourcesBuildPhase;
			buildActionMask = 2147483647;
			files = (
			);
			runOnlyForDeploymentPostprocessing = 0;
		};
		DA80F4212282D341004285F9 /* Resources */ = {
			isa = PBXResourcesBuildPhase;
			buildActionMask = 2147483647;
			files = (
			);
			runOnlyForDeploymentPostprocessing = 0;
		};
/* End PBXResourcesBuildPhase section */

/* Begin PBXSourcesBuildPhase section */
		DA80F4002282D33F004285F9 /* Sources */ = {
			isa = PBXSourcesBuildPhase;
			buildActionMask = 2147483647;
			files = (
				DA931AFA228406370047DC90 /* ViewController.swift in Sources */,
				DA931AF82284061D0047DC90 /* AppDelegate.swift in Sources */,
			);
			runOnlyForDeploymentPostprocessing = 0;
		};
		DA80F4142282D341004285F9 /* Sources */ = {
			isa = PBXSourcesBuildPhase;
			buildActionMask = 2147483647;
			files = (
				DA80F41D2282D341004285F9 /* demoCaptureImageTests.swift in Sources */,
			);
			runOnlyForDeploymentPostprocessing = 0;
		};
		DA80F41F2282D341004285F9 /* Sources */ = {
			isa = PBXSourcesBuildPhase;
			buildActionMask = 2147483647;
			files = (
				DA80F4282282D341004285F9 /* demoCaptureImageUITests.swift in Sources */,
			);
			runOnlyForDeploymentPostprocessing = 0;
		};
/* End PBXSourcesBuildPhase section */

/* Begin PBXTargetDependency section */
		DA80F41A2282D341004285F9 /* PBXTargetDependency */ = {
			isa = PBXTargetDependency;
			target = DA80F4032282D33F004285F9 /* demoCaptureImage */;
			targetProxy = DA80F4192282D341004285F9 /* PBXContainerItemProxy */;
		};
		DA80F4252282D341004285F9 /* PBXTargetDependency */ = {
			isa = PBXTargetDependency;
			target = DA80F4032282D33F004285F9 /* demoCaptureImage */;
			targetProxy = DA80F4242282D341004285F9 /* PBXContainerItemProxy */;
		};
/* End PBXTargetDependency section */

/* Begin XCBuildConfiguration section */
		DA80F42A2282D341004285F9 /* Debug (Dev) */ = {
			isa = XCBuildConfiguration;
			baseConfigurationReference = DA931AEF228405BD0047DC90 /* Dev.xcconfig */;
			buildSettings = {
				ALWAYS_SEARCH_USER_PATHS = NO;
				CLANG_ANALYZER_NONNULL = YES;
				CLANG_ANALYZER_NUMBER_OBJECT_CONVERSION = YES_AGGRESSIVE;
				CLANG_CXX_LANGUAGE_STANDARD = "gnu++14";
				CLANG_CXX_LIBRARY = "libc++";
				CLANG_ENABLE_MODULES = YES;
				CLANG_ENABLE_OBJC_ARC = YES;
				CLANG_ENABLE_OBJC_WEAK = YES;
				CLANG_WARN_BLOCK_CAPTURE_AUTORELEASING = YES;
				CLANG_WARN_BOOL_CONVERSION = YES;
				CLANG_WARN_COMMA = YES;
				CLANG_WARN_CONSTANT_CONVERSION = YES;
				CLANG_WARN_DEPRECATED_OBJC_IMPLEMENTATIONS = YES;
				CLANG_WARN_DIRECT_OBJC_ISA_USAGE = YES_ERROR;
				CLANG_WARN_DOCUMENTATION_COMMENTS = YES;
				CLANG_WARN_EMPTY_BODY = YES;
				CLANG_WARN_ENUM_CONVERSION = YES;
				CLANG_WARN_INFINITE_RECURSION = YES;
				CLANG_WARN_INT_CONVERSION = YES;
				CLANG_WARN_NON_LITERAL_NULL_CONVERSION = YES;
				CLANG_WARN_OBJC_IMPLICIT_RETAIN_SELF = YES;
				CLANG_WARN_OBJC_LITERAL_CONVERSION = YES;
				CLANG_WARN_OBJC_ROOT_CLASS = YES_ERROR;
				CLANG_WARN_RANGE_LOOP_ANALYSIS = YES;
				CLANG_WARN_STRICT_PROTOTYPES = YES;
				CLANG_WARN_SUSPICIOUS_MOVE = YES;
				CLANG_WARN_UNGUARDED_AVAILABILITY = YES_AGGRESSIVE;
				CLANG_WARN_UNREACHABLE_CODE = YES;
				CLANG_WARN__DUPLICATE_METHOD_MATCH = YES;
				CODE_SIGN_IDENTITY = "iPhone Developer";
				COPY_PHASE_STRIP = NO;
				DEBUG_INFORMATION_FORMAT = dwarf;
				ENABLE_STRICT_OBJC_MSGSEND = YES;
				ENABLE_TESTABILITY = YES;
				GCC_C_LANGUAGE_STANDARD = gnu11;
				GCC_DYNAMIC_NO_PIC = NO;
				GCC_NO_COMMON_BLOCKS = YES;
				GCC_OPTIMIZATION_LEVEL = 0;
				GCC_PREPROCESSOR_DEFINITIONS = (
					"DEBUG=1",
					"$(inherited)",
				);
				GCC_WARN_64_TO_32_BIT_CONVERSION = YES;
				GCC_WARN_ABOUT_RETURN_TYPE = YES_ERROR;
				GCC_WARN_UNDECLARED_SELECTOR = YES;
				GCC_WARN_UNINITIALIZED_AUTOS = YES_AGGRESSIVE;
				GCC_WARN_UNUSED_FUNCTION = YES;
				GCC_WARN_UNUSED_VARIABLE = YES;
				IPHONEOS_DEPLOYMENT_TARGET = 12.2;
				MTL_ENABLE_DEBUG_INFO = INCLUDE_SOURCE;
				MTL_FAST_MATH = YES;
				ONLY_ACTIVE_ARCH = YES;
				SDKROOT = iphoneos;
				SWIFT_ACTIVE_COMPILATION_CONDITIONS = DEBUG;
				SWIFT_OPTIMIZATION_LEVEL = "-Onone";
			};
			name = "Debug (Dev)";
		};
		DA80F42B2282D341004285F9 /* Release (Dev) */ = {
			isa = XCBuildConfiguration;
			baseConfigurationReference = DA931AEF228405BD0047DC90 /* Dev.xcconfig */;
			buildSettings = {
				ALWAYS_SEARCH_USER_PATHS = NO;
				CLANG_ANALYZER_NONNULL = YES;
				CLANG_ANALYZER_NUMBER_OBJECT_CONVERSION = YES_AGGRESSIVE;
				CLANG_CXX_LANGUAGE_STANDARD = "gnu++14";
				CLANG_CXX_LIBRARY = "libc++";
				CLANG_ENABLE_MODULES = YES;
				CLANG_ENABLE_OBJC_ARC = YES;
				CLANG_ENABLE_OBJC_WEAK = YES;
				CLANG_WARN_BLOCK_CAPTURE_AUTORELEASING = YES;
				CLANG_WARN_BOOL_CONVERSION = YES;
				CLANG_WARN_COMMA = YES;
				CLANG_WARN_CONSTANT_CONVERSION = YES;
				CLANG_WARN_DEPRECATED_OBJC_IMPLEMENTATIONS = YES;
				CLANG_WARN_DIRECT_OBJC_ISA_USAGE = YES_ERROR;
				CLANG_WARN_DOCUMENTATION_COMMENTS = YES;
				CLANG_WARN_EMPTY_BODY = YES;
				CLANG_WARN_ENUM_CONVERSION = YES;
				CLANG_WARN_INFINITE_RECURSION = YES;
				CLANG_WARN_INT_CONVERSION = YES;
				CLANG_WARN_NON_LITERAL_NULL_CONVERSION = YES;
				CLANG_WARN_OBJC_IMPLICIT_RETAIN_SELF = YES;
				CLANG_WARN_OBJC_LITERAL_CONVERSION = YES;
				CLANG_WARN_OBJC_ROOT_CLASS = YES_ERROR;
				CLANG_WARN_RANGE_LOOP_ANALYSIS = YES;
				CLANG_WARN_STRICT_PROTOTYPES = YES;
				CLANG_WARN_SUSPICIOUS_MOVE = YES;
				CLANG_WARN_UNGUARDED_AVAILABILITY = YES_AGGRESSIVE;
				CLANG_WARN_UNREACHABLE_CODE = YES;
				CLANG_WARN__DUPLICATE_METHOD_MATCH = YES;
				CODE_SIGN_IDENTITY = "iPhone Developer";
				COPY_PHASE_STRIP = NO;
				DEBUG_INFORMATION_FORMAT = "dwarf-with-dsym";
				ENABLE_NS_ASSERTIONS = NO;
				ENABLE_STRICT_OBJC_MSGSEND = YES;
				GCC_C_LANGUAGE_STANDARD = gnu11;
				GCC_NO_COMMON_BLOCKS = YES;
				GCC_WARN_64_TO_32_BIT_CONVERSION = YES;
				GCC_WARN_ABOUT_RETURN_TYPE = YES_ERROR;
				GCC_WARN_UNDECLARED_SELECTOR = YES;
				GCC_WARN_UNINITIALIZED_AUTOS = YES_AGGRESSIVE;
				GCC_WARN_UNUSED_FUNCTION = YES;
				GCC_WARN_UNUSED_VARIABLE = YES;
				IPHONEOS_DEPLOYMENT_TARGET = 12.2;
				MTL_ENABLE_DEBUG_INFO = NO;
				MTL_FAST_MATH = YES;
				SDKROOT = iphoneos;
				SWIFT_COMPILATION_MODE = wholemodule;
				SWIFT_OPTIMIZATION_LEVEL = "-O";
				VALIDATE_PRODUCT = YES;
			};
			name = "Release (Dev)";
		};
		DA80F42D2282D341004285F9 /* Debug (Dev) */ = {
			isa = XCBuildConfiguration;
			baseConfigurationReference = DA931AEF228405BD0047DC90 /* Dev.xcconfig */;
			buildSettings = {
				ASSETCATALOG_COMPILER_APPICON_NAME = AppIcon;
				CODE_SIGN_STYLE = Automatic;
				INFOPLIST_FILE = demoCaptureImage/Info.plist;
				LD_RUNPATH_SEARCH_PATHS = (
					"$(inherited)",
					"@executable_path/Frameworks",
				);
				PRODUCT_BUNDLE_IDENTIFIER = dev.rakumo.demoCaptureImage;
				PRODUCT_NAME = "$(TARGET_NAME)";
				SWIFT_VERSION = 5.0;
				TARGETED_DEVICE_FAMILY = "1,2";
			};
			name = "Debug (Dev)";
		};
		DA80F42E2282D341004285F9 /* Release (Dev) */ = {
			isa = XCBuildConfiguration;
			baseConfigurationReference = DA931AEF228405BD0047DC90 /* Dev.xcconfig */;
			buildSettings = {
				ASSETCATALOG_COMPILER_APPICON_NAME = AppIcon;
				CODE_SIGN_STYLE = Automatic;
				INFOPLIST_FILE = demoCaptureImage/Info.plist;
				LD_RUNPATH_SEARCH_PATHS = (
					"$(inherited)",
					"@executable_path/Frameworks",
				);
				PRODUCT_BUNDLE_IDENTIFIER = dev.rakumo.demoCaptureImage;
				PRODUCT_NAME = "$(TARGET_NAME)";
				SWIFT_VERSION = 5.0;
				TARGETED_DEVICE_FAMILY = "1,2";
			};
			name = "Release (Dev)";
		};
		DA80F4302282D341004285F9 /* Debug (Dev) */ = {
			isa = XCBuildConfiguration;
			buildSettings = {
				ALWAYS_EMBED_SWIFT_STANDARD_LIBRARIES = YES;
				BUNDLE_LOADER = "$(TEST_HOST)";
				CODE_SIGN_STYLE = Automatic;
				INFOPLIST_FILE = demoCaptureImageTests/Info.plist;
				LD_RUNPATH_SEARCH_PATHS = (
					"$(inherited)",
					"@executable_path/Frameworks",
					"@loader_path/Frameworks",
				);
				PRODUCT_BUNDLE_IDENTIFIER = dev.rakumo.demoCaptureImageTests;
				PRODUCT_NAME = "$(TARGET_NAME)";
				SWIFT_VERSION = 5.0;
				TARGETED_DEVICE_FAMILY = "1,2";
				TEST_HOST = "$(BUILT_PRODUCTS_DIR)/demoCaptureImage.app/demoCaptureImage";
			};
			name = "Debug (Dev)";
		};
		DA80F4312282D341004285F9 /* Release (Dev) */ = {
			isa = XCBuildConfiguration;
			buildSettings = {
				ALWAYS_EMBED_SWIFT_STANDARD_LIBRARIES = YES;
				BUNDLE_LOADER = "$(TEST_HOST)";
				CODE_SIGN_STYLE = Automatic;
				INFOPLIST_FILE = demoCaptureImageTests/Info.plist;
				LD_RUNPATH_SEARCH_PATHS = (
					"$(inherited)",
					"@executable_path/Frameworks",
					"@loader_path/Frameworks",
				);
				PRODUCT_BUNDLE_IDENTIFIER = dev.rakumo.demoCaptureImageTests;
				PRODUCT_NAME = "$(TARGET_NAME)";
				SWIFT_VERSION = 5.0;
				TARGETED_DEVICE_FAMILY = "1,2";
				TEST_HOST = "$(BUILT_PRODUCTS_DIR)/demoCaptureImage.app/demoCaptureImage";
			};
			name = "Release (Dev)";
		};
		DA80F4332282D341004285F9 /* Debug (Dev) */ = {
			isa = XCBuildConfiguration;
			buildSettings = {
				ALWAYS_EMBED_SWIFT_STANDARD_LIBRARIES = YES;
				CODE_SIGN_STYLE = Automatic;
				INFOPLIST_FILE = demoCaptureImageUITests/Info.plist;
				LD_RUNPATH_SEARCH_PATHS = (
					"$(inherited)",
					"@executable_path/Frameworks",
					"@loader_path/Frameworks",
				);
				PRODUCT_BUNDLE_IDENTIFIER = dev.rakumo.demoCaptureImageUITests;
				PRODUCT_NAME = "$(TARGET_NAME)";
				SWIFT_VERSION = 5.0;
				TARGETED_DEVICE_FAMILY = "1,2";
				TEST_TARGET_NAME = demoCaptureImage;
			};
			name = "Debug (Dev)";
		};
		DA80F4342282D341004285F9 /* Release (Dev) */ = {
			isa = XCBuildConfiguration;
			buildSettings = {
				ALWAYS_EMBED_SWIFT_STANDARD_LIBRARIES = YES;
				CODE_SIGN_STYLE = Automatic;
				INFOPLIST_FILE = demoCaptureImageUITests/Info.plist;
				LD_RUNPATH_SEARCH_PATHS = (
					"$(inherited)",
					"@executable_path/Frameworks",
					"@loader_path/Frameworks",
				);
				PRODUCT_BUNDLE_IDENTIFIER = dev.rakumo.demoCaptureImageUITests;
				PRODUCT_NAME = "$(TARGET_NAME)";
				SWIFT_VERSION = 5.0;
				TARGETED_DEVICE_FAMILY = "1,2";
				TEST_TARGET_NAME = demoCaptureImage;
			};
			name = "Release (Dev)";
		};
		DA80F4352282D39B004285F9 /* Debug (Stagging) */ = {
			isa = XCBuildConfiguration;
			baseConfigurationReference = DA931AF0228405BD0047DC90 /* Stagging.xcconfig */;
			buildSettings = {
				ALWAYS_SEARCH_USER_PATHS = NO;
				CLANG_ANALYZER_NONNULL = YES;
				CLANG_ANALYZER_NUMBER_OBJECT_CONVERSION = YES_AGGRESSIVE;
				CLANG_CXX_LANGUAGE_STANDARD = "gnu++14";
				CLANG_CXX_LIBRARY = "libc++";
				CLANG_ENABLE_MODULES = YES;
				CLANG_ENABLE_OBJC_ARC = YES;
				CLANG_ENABLE_OBJC_WEAK = YES;
				CLANG_WARN_BLOCK_CAPTURE_AUTORELEASING = YES;
				CLANG_WARN_BOOL_CONVERSION = YES;
				CLANG_WARN_COMMA = YES;
				CLANG_WARN_CONSTANT_CONVERSION = YES;
				CLANG_WARN_DEPRECATED_OBJC_IMPLEMENTATIONS = YES;
				CLANG_WARN_DIRECT_OBJC_ISA_USAGE = YES_ERROR;
				CLANG_WARN_DOCUMENTATION_COMMENTS = YES;
				CLANG_WARN_EMPTY_BODY = YES;
				CLANG_WARN_ENUM_CONVERSION = YES;
				CLANG_WARN_INFINITE_RECURSION = YES;
				CLANG_WARN_INT_CONVERSION = YES;
				CLANG_WARN_NON_LITERAL_NULL_CONVERSION = YES;
				CLANG_WARN_OBJC_IMPLICIT_RETAIN_SELF = YES;
				CLANG_WARN_OBJC_LITERAL_CONVERSION = YES;
				CLANG_WARN_OBJC_ROOT_CLASS = YES_ERROR;
				CLANG_WARN_RANGE_LOOP_ANALYSIS = YES;
				CLANG_WARN_STRICT_PROTOTYPES = YES;
				CLANG_WARN_SUSPICIOUS_MOVE = YES;
				CLANG_WARN_UNGUARDED_AVAILABILITY = YES_AGGRESSIVE;
				CLANG_WARN_UNREACHABLE_CODE = YES;
				CLANG_WARN__DUPLICATE_METHOD_MATCH = YES;
				CODE_SIGN_IDENTITY = "iPhone Developer";
				COPY_PHASE_STRIP = NO;
				DEBUG_INFORMATION_FORMAT = dwarf;
				ENABLE_STRICT_OBJC_MSGSEND = YES;
				ENABLE_TESTABILITY = YES;
				GCC_C_LANGUAGE_STANDARD = gnu11;
				GCC_DYNAMIC_NO_PIC = NO;
				GCC_NO_COMMON_BLOCKS = YES;
				GCC_OPTIMIZATION_LEVEL = 0;
				GCC_PREPROCESSOR_DEFINITIONS = (
					"DEBUG=1",
					"$(inherited)",
				);
				GCC_WARN_64_TO_32_BIT_CONVERSION = YES;
				GCC_WARN_ABOUT_RETURN_TYPE = YES_ERROR;
				GCC_WARN_UNDECLARED_SELECTOR = YES;
				GCC_WARN_UNINITIALIZED_AUTOS = YES_AGGRESSIVE;
				GCC_WARN_UNUSED_FUNCTION = YES;
				GCC_WARN_UNUSED_VARIABLE = YES;
				IPHONEOS_DEPLOYMENT_TARGET = 12.2;
				MTL_ENABLE_DEBUG_INFO = INCLUDE_SOURCE;
				MTL_FAST_MATH = YES;
				ONLY_ACTIVE_ARCH = YES;
				SDKROOT = iphoneos;
				SWIFT_ACTIVE_COMPILATION_CONDITIONS = DEBUG;
				SWIFT_OPTIMIZATION_LEVEL = "-Onone";
			};
			name = "Debug (Stagging)";
		};
		DA80F4362282D39B004285F9 /* Debug (Stagging) */ = {
			isa = XCBuildConfiguration;
			baseConfigurationReference = DA931AF0228405BD0047DC90 /* Stagging.xcconfig */;
			buildSettings = {
				ASSETCATALOG_COMPILER_APPICON_NAME = AppIcon;
				CODE_SIGN_STYLE = Automatic;
				INFOPLIST_FILE = demoCaptureImage/Info.plist;
				LD_RUNPATH_SEARCH_PATHS = (
					"$(inherited)",
					"@executable_path/Frameworks",
				);
				PRODUCT_BUNDLE_IDENTIFIER = dev.rakumo.demoCaptureImage;
				PRODUCT_NAME = "$(TARGET_NAME)";
				SWIFT_VERSION = 5.0;
				TARGETED_DEVICE_FAMILY = "1,2";
			};
			name = "Debug (Stagging)";
		};
		DA80F4372282D39B004285F9 /* Debug (Stagging) */ = {
			isa = XCBuildConfiguration;
			buildSettings = {
				ALWAYS_EMBED_SWIFT_STANDARD_LIBRARIES = YES;
				BUNDLE_LOADER = "$(TEST_HOST)";
				CODE_SIGN_STYLE = Automatic;
				INFOPLIST_FILE = demoCaptureImageTests/Info.plist;
				LD_RUNPATH_SEARCH_PATHS = (
					"$(inherited)",
					"@executable_path/Frameworks",
					"@loader_path/Frameworks",
				);
				PRODUCT_BUNDLE_IDENTIFIER = dev.rakumo.demoCaptureImageTests;
				PRODUCT_NAME = "$(TARGET_NAME)";
				SWIFT_VERSION = 5.0;
				TARGETED_DEVICE_FAMILY = "1,2";
				TEST_HOST = "$(BUILT_PRODUCTS_DIR)/demoCaptureImage.app/demoCaptureImage";
			};
			name = "Debug (Stagging)";
		};
		DA80F4382282D39B004285F9 /* Debug (Stagging) */ = {
			isa = XCBuildConfiguration;
			buildSettings = {
				ALWAYS_EMBED_SWIFT_STANDARD_LIBRARIES = YES;
				CODE_SIGN_STYLE = Automatic;
				INFOPLIST_FILE = demoCaptureImageUITests/Info.plist;
				LD_RUNPATH_SEARCH_PATHS = (
					"$(inherited)",
					"@executable_path/Frameworks",
					"@loader_path/Frameworks",
				);
				PRODUCT_BUNDLE_IDENTIFIER = dev.rakumo.demoCaptureImageUITests;
				PRODUCT_NAME = "$(TARGET_NAME)";
				SWIFT_VERSION = 5.0;
				TARGETED_DEVICE_FAMILY = "1,2";
				TEST_TARGET_NAME = demoCaptureImage;
			};
			name = "Debug (Stagging)";
		};
		DA80F4392282D3A8004285F9 /* Release (Stagging) */ = {
			isa = XCBuildConfiguration;
			baseConfigurationReference = DA931AF0228405BD0047DC90 /* Stagging.xcconfig */;
			buildSettings = {
				ALWAYS_SEARCH_USER_PATHS = NO;
				CLANG_ANALYZER_NONNULL = YES;
				CLANG_ANALYZER_NUMBER_OBJECT_CONVERSION = YES_AGGRESSIVE;
				CLANG_CXX_LANGUAGE_STANDARD = "gnu++14";
				CLANG_CXX_LIBRARY = "libc++";
				CLANG_ENABLE_MODULES = YES;
				CLANG_ENABLE_OBJC_ARC = YES;
				CLANG_ENABLE_OBJC_WEAK = YES;
				CLANG_WARN_BLOCK_CAPTURE_AUTORELEASING = YES;
				CLANG_WARN_BOOL_CONVERSION = YES;
				CLANG_WARN_COMMA = YES;
				CLANG_WARN_CONSTANT_CONVERSION = YES;
				CLANG_WARN_DEPRECATED_OBJC_IMPLEMENTATIONS = YES;
				CLANG_WARN_DIRECT_OBJC_ISA_USAGE = YES_ERROR;
				CLANG_WARN_DOCUMENTATION_COMMENTS = YES;
				CLANG_WARN_EMPTY_BODY = YES;
				CLANG_WARN_ENUM_CONVERSION = YES;
				CLANG_WARN_INFINITE_RECURSION = YES;
				CLANG_WARN_INT_CONVERSION = YES;
				CLANG_WARN_NON_LITERAL_NULL_CONVERSION = YES;
				CLANG_WARN_OBJC_IMPLICIT_RETAIN_SELF = YES;
				CLANG_WARN_OBJC_LITERAL_CONVERSION = YES;
				CLANG_WARN_OBJC_ROOT_CLASS = YES_ERROR;
				CLANG_WARN_RANGE_LOOP_ANALYSIS = YES;
				CLANG_WARN_STRICT_PROTOTYPES = YES;
				CLANG_WARN_SUSPICIOUS_MOVE = YES;
				CLANG_WARN_UNGUARDED_AVAILABILITY = YES_AGGRESSIVE;
				CLANG_WARN_UNREACHABLE_CODE = YES;
				CLANG_WARN__DUPLICATE_METHOD_MATCH = YES;
				CODE_SIGN_IDENTITY = "iPhone Developer";
				COPY_PHASE_STRIP = NO;
				DEBUG_INFORMATION_FORMAT = "dwarf-with-dsym";
				ENABLE_NS_ASSERTIONS = NO;
				ENABLE_STRICT_OBJC_MSGSEND = YES;
				GCC_C_LANGUAGE_STANDARD = gnu11;
				GCC_NO_COMMON_BLOCKS = YES;
				GCC_WARN_64_TO_32_BIT_CONVERSION = YES;
				GCC_WARN_ABOUT_RETURN_TYPE = YES_ERROR;
				GCC_WARN_UNDECLARED_SELECTOR = YES;
				GCC_WARN_UNINITIALIZED_AUTOS = YES_AGGRESSIVE;
				GCC_WARN_UNUSED_FUNCTION = YES;
				GCC_WARN_UNUSED_VARIABLE = YES;
				IPHONEOS_DEPLOYMENT_TARGET = 12.2;
				MTL_ENABLE_DEBUG_INFO = NO;
				MTL_FAST_MATH = YES;
				SDKROOT = iphoneos;
				SWIFT_COMPILATION_MODE = wholemodule;
				SWIFT_OPTIMIZATION_LEVEL = "-O";
				VALIDATE_PRODUCT = YES;
			};
			name = "Release (Stagging)";
		};
		DA80F43A2282D3A8004285F9 /* Release (Stagging) */ = {
			isa = XCBuildConfiguration;
			baseConfigurationReference = DA931AF0228405BD0047DC90 /* Stagging.xcconfig */;
			buildSettings = {
				ASSETCATALOG_COMPILER_APPICON_NAME = AppIcon;
				CODE_SIGN_STYLE = Automatic;
				INFOPLIST_FILE = demoCaptureImage/Info.plist;
				LD_RUNPATH_SEARCH_PATHS = (
					"$(inherited)",
					"@executable_path/Frameworks",
				);
				PRODUCT_BUNDLE_IDENTIFIER = dev.rakumo.demoCaptureImage;
				PRODUCT_NAME = "$(TARGET_NAME)";
				SWIFT_VERSION = 5.0;
				TARGETED_DEVICE_FAMILY = "1,2";
			};
			name = "Release (Stagging)";
		};
		DA80F43B2282D3A8004285F9 /* Release (Stagging) */ = {
			isa = XCBuildConfiguration;
			buildSettings = {
				ALWAYS_EMBED_SWIFT_STANDARD_LIBRARIES = YES;
				BUNDLE_LOADER = "$(TEST_HOST)";
				CODE_SIGN_STYLE = Automatic;
				INFOPLIST_FILE = demoCaptureImageTests/Info.plist;
				LD_RUNPATH_SEARCH_PATHS = (
					"$(inherited)",
					"@executable_path/Frameworks",
					"@loader_path/Frameworks",
				);
				PRODUCT_BUNDLE_IDENTIFIER = dev.rakumo.demoCaptureImageTests;
				PRODUCT_NAME = "$(TARGET_NAME)";
				SWIFT_VERSION = 5.0;
				TARGETED_DEVICE_FAMILY = "1,2";
				TEST_HOST = "$(BUILT_PRODUCTS_DIR)/demoCaptureImage.app/demoCaptureImage";
			};
			name = "Release (Stagging)";
		};
		DA80F43C2282D3A8004285F9 /* Release (Stagging) */ = {
			isa = XCBuildConfiguration;
			buildSettings = {
				ALWAYS_EMBED_SWIFT_STANDARD_LIBRARIES = YES;
				CODE_SIGN_STYLE = Automatic;
				INFOPLIST_FILE = demoCaptureImageUITests/Info.plist;
				LD_RUNPATH_SEARCH_PATHS = (
					"$(inherited)",
					"@executable_path/Frameworks",
					"@loader_path/Frameworks",
				);
				PRODUCT_BUNDLE_IDENTIFIER = dev.rakumo.demoCaptureImageUITests;
				PRODUCT_NAME = "$(TARGET_NAME)";
				SWIFT_VERSION = 5.0;
				TARGETED_DEVICE_FAMILY = "1,2";
				TEST_TARGET_NAME = demoCaptureImage;
			};
			name = "Release (Stagging)";
		};
		DA80F43D2282D3B0004285F9 /* Debug (Prod) */ = {
			isa = XCBuildConfiguration;
			baseConfigurationReference = DA931AEE228405BD0047DC90 /* Prod.xcconfig */;
			buildSettings = {
				ALWAYS_SEARCH_USER_PATHS = NO;
				CLANG_ANALYZER_NONNULL = YES;
				CLANG_ANALYZER_NUMBER_OBJECT_CONVERSION = YES_AGGRESSIVE;
				CLANG_CXX_LANGUAGE_STANDARD = "gnu++14";
				CLANG_CXX_LIBRARY = "libc++";
				CLANG_ENABLE_MODULES = YES;
				CLANG_ENABLE_OBJC_ARC = YES;
				CLANG_ENABLE_OBJC_WEAK = YES;
				CLANG_WARN_BLOCK_CAPTURE_AUTORELEASING = YES;
				CLANG_WARN_BOOL_CONVERSION = YES;
				CLANG_WARN_COMMA = YES;
				CLANG_WARN_CONSTANT_CONVERSION = YES;
				CLANG_WARN_DEPRECATED_OBJC_IMPLEMENTATIONS = YES;
				CLANG_WARN_DIRECT_OBJC_ISA_USAGE = YES_ERROR;
				CLANG_WARN_DOCUMENTATION_COMMENTS = YES;
				CLANG_WARN_EMPTY_BODY = YES;
				CLANG_WARN_ENUM_CONVERSION = YES;
				CLANG_WARN_INFINITE_RECURSION = YES;
				CLANG_WARN_INT_CONVERSION = YES;
				CLANG_WARN_NON_LITERAL_NULL_CONVERSION = YES;
				CLANG_WARN_OBJC_IMPLICIT_RETAIN_SELF = YES;
				CLANG_WARN_OBJC_LITERAL_CONVERSION = YES;
				CLANG_WARN_OBJC_ROOT_CLASS = YES_ERROR;
				CLANG_WARN_RANGE_LOOP_ANALYSIS = YES;
				CLANG_WARN_STRICT_PROTOTYPES = YES;
				CLANG_WARN_SUSPICIOUS_MOVE = YES;
				CLANG_WARN_UNGUARDED_AVAILABILITY = YES_AGGRESSIVE;
				CLANG_WARN_UNREACHABLE_CODE = YES;
				CLANG_WARN__DUPLICATE_METHOD_MATCH = YES;
				CODE_SIGN_IDENTITY = "iPhone Developer";
				COPY_PHASE_STRIP = NO;
				DEBUG_INFORMATION_FORMAT = dwarf;
				ENABLE_STRICT_OBJC_MSGSEND = YES;
				ENABLE_TESTABILITY = YES;
				GCC_C_LANGUAGE_STANDARD = gnu11;
				GCC_DYNAMIC_NO_PIC = NO;
				GCC_NO_COMMON_BLOCKS = YES;
				GCC_OPTIMIZATION_LEVEL = 0;
				GCC_PREPROCESSOR_DEFINITIONS = (
					"DEBUG=1",
					"$(inherited)",
				);
				GCC_WARN_64_TO_32_BIT_CONVERSION = YES;
				GCC_WARN_ABOUT_RETURN_TYPE = YES_ERROR;
				GCC_WARN_UNDECLARED_SELECTOR = YES;
				GCC_WARN_UNINITIALIZED_AUTOS = YES_AGGRESSIVE;
				GCC_WARN_UNUSED_FUNCTION = YES;
				GCC_WARN_UNUSED_VARIABLE = YES;
				IPHONEOS_DEPLOYMENT_TARGET = 12.2;
				MTL_ENABLE_DEBUG_INFO = INCLUDE_SOURCE;
				MTL_FAST_MATH = YES;
				ONLY_ACTIVE_ARCH = YES;
				SDKROOT = iphoneos;
				SWIFT_ACTIVE_COMPILATION_CONDITIONS = DEBUG;
				SWIFT_OPTIMIZATION_LEVEL = "-Onone";
			};
			name = "Debug (Prod)";
		};
		DA80F43E2282D3B0004285F9 /* Debug (Prod) */ = {
			isa = XCBuildConfiguration;
			baseConfigurationReference = DA931AEE228405BD0047DC90 /* Prod.xcconfig */;
			buildSettings = {
				ASSETCATALOG_COMPILER_APPICON_NAME = AppIcon;
				CODE_SIGN_STYLE = Automatic;
				INFOPLIST_FILE = demoCaptureImage/Info.plist;
				LD_RUNPATH_SEARCH_PATHS = (
					"$(inherited)",
					"@executable_path/Frameworks",
				);
				PRODUCT_BUNDLE_IDENTIFIER = dev.rakumo.demoCaptureImage;
				PRODUCT_NAME = "$(TARGET_NAME)";
				SWIFT_VERSION = 5.0;
				TARGETED_DEVICE_FAMILY = "1,2";
			};
			name = "Debug (Prod)";
		};
		DA80F43F2282D3B0004285F9 /* Debug (Prod) */ = {
			isa = XCBuildConfiguration;
			buildSettings = {
				ALWAYS_EMBED_SWIFT_STANDARD_LIBRARIES = YES;
				BUNDLE_LOADER = "$(TEST_HOST)";
				CODE_SIGN_STYLE = Automatic;
				INFOPLIST_FILE = demoCaptureImageTests/Info.plist;
				LD_RUNPATH_SEARCH_PATHS = (
					"$(inherited)",
					"@executable_path/Frameworks",
					"@loader_path/Frameworks",
				);
				PRODUCT_BUNDLE_IDENTIFIER = dev.rakumo.demoCaptureImageTests;
				PRODUCT_NAME = "$(TARGET_NAME)";
				SWIFT_VERSION = 5.0;
				TARGETED_DEVICE_FAMILY = "1,2";
				TEST_HOST = "$(BUILT_PRODUCTS_DIR)/demoCaptureImage.app/demoCaptureImage";
			};
			name = "Debug (Prod)";
		};
		DA80F4402282D3B0004285F9 /* Debug (Prod) */ = {
			isa = XCBuildConfiguration;
			buildSettings = {
				ALWAYS_EMBED_SWIFT_STANDARD_LIBRARIES = YES;
				CODE_SIGN_STYLE = Automatic;
				INFOPLIST_FILE = demoCaptureImageUITests/Info.plist;
				LD_RUNPATH_SEARCH_PATHS = (
					"$(inherited)",
					"@executable_path/Frameworks",
					"@loader_path/Frameworks",
				);
				PRODUCT_BUNDLE_IDENTIFIER = dev.rakumo.demoCaptureImageUITests;
				PRODUCT_NAME = "$(TARGET_NAME)";
				SWIFT_VERSION = 5.0;
				TARGETED_DEVICE_FAMILY = "1,2";
				TEST_TARGET_NAME = demoCaptureImage;
			};
			name = "Debug (Prod)";
		};
		DA80F4412282D3C8004285F9 /* Release (Prod) */ = {
			isa = XCBuildConfiguration;
			baseConfigurationReference = DA931AEE228405BD0047DC90 /* Prod.xcconfig */;
			buildSettings = {
				ALWAYS_SEARCH_USER_PATHS = NO;
				CLANG_ANALYZER_NONNULL = YES;
				CLANG_ANALYZER_NUMBER_OBJECT_CONVERSION = YES_AGGRESSIVE;
				CLANG_CXX_LANGUAGE_STANDARD = "gnu++14";
				CLANG_CXX_LIBRARY = "libc++";
				CLANG_ENABLE_MODULES = YES;
				CLANG_ENABLE_OBJC_ARC = YES;
				CLANG_ENABLE_OBJC_WEAK = YES;
				CLANG_WARN_BLOCK_CAPTURE_AUTORELEASING = YES;
				CLANG_WARN_BOOL_CONVERSION = YES;
				CLANG_WARN_COMMA = YES;
				CLANG_WARN_CONSTANT_CONVERSION = YES;
				CLANG_WARN_DEPRECATED_OBJC_IMPLEMENTATIONS = YES;
				CLANG_WARN_DIRECT_OBJC_ISA_USAGE = YES_ERROR;
				CLANG_WARN_DOCUMENTATION_COMMENTS = YES;
				CLANG_WARN_EMPTY_BODY = YES;
				CLANG_WARN_ENUM_CONVERSION = YES;
				CLANG_WARN_INFINITE_RECURSION = YES;
				CLANG_WARN_INT_CONVERSION = YES;
				CLANG_WARN_NON_LITERAL_NULL_CONVERSION = YES;
				CLANG_WARN_OBJC_IMPLICIT_RETAIN_SELF = YES;
				CLANG_WARN_OBJC_LITERAL_CONVERSION = YES;
				CLANG_WARN_OBJC_ROOT_CLASS = YES_ERROR;
				CLANG_WARN_RANGE_LOOP_ANALYSIS = YES;
				CLANG_WARN_STRICT_PROTOTYPES = YES;
				CLANG_WARN_SUSPICIOUS_MOVE = YES;
				CLANG_WARN_UNGUARDED_AVAILABILITY = YES_AGGRESSIVE;
				CLANG_WARN_UNREACHABLE_CODE = YES;
				CLANG_WARN__DUPLICATE_METHOD_MATCH = YES;
				CODE_SIGN_IDENTITY = "iPhone Developer";
				COPY_PHASE_STRIP = NO;
				DEBUG_INFORMATION_FORMAT = "dwarf-with-dsym";
				ENABLE_NS_ASSERTIONS = NO;
				ENABLE_STRICT_OBJC_MSGSEND = YES;
				GCC_C_LANGUAGE_STANDARD = gnu11;
				GCC_NO_COMMON_BLOCKS = YES;
				GCC_WARN_64_TO_32_BIT_CONVERSION = YES;
				GCC_WARN_ABOUT_RETURN_TYPE = YES_ERROR;
				GCC_WARN_UNDECLARED_SELECTOR = YES;
				GCC_WARN_UNINITIALIZED_AUTOS = YES_AGGRESSIVE;
				GCC_WARN_UNUSED_FUNCTION = YES;
				GCC_WARN_UNUSED_VARIABLE = YES;
				IPHONEOS_DEPLOYMENT_TARGET = 12.2;
				MTL_ENABLE_DEBUG_INFO = NO;
				MTL_FAST_MATH = YES;
				SDKROOT = iphoneos;
				SWIFT_COMPILATION_MODE = wholemodule;
				SWIFT_OPTIMIZATION_LEVEL = "-O";
				VALIDATE_PRODUCT = YES;
			};
			name = "Release (Prod)";
		};
		DA80F4422282D3C8004285F9 /* Release (Prod) */ = {
			isa = XCBuildConfiguration;
			baseConfigurationReference = DA931AEE228405BD0047DC90 /* Prod.xcconfig */;
			buildSettings = {
				ASSETCATALOG_COMPILER_APPICON_NAME = AppIcon;
				CODE_SIGN_STYLE = Automatic;
				INFOPLIST_FILE = demoCaptureImage/Info.plist;
				LD_RUNPATH_SEARCH_PATHS = (
					"$(inherited)",
					"@executable_path/Frameworks",
				);
				PRODUCT_BUNDLE_IDENTIFIER = dev.rakumo.demoCaptureImage;
				PRODUCT_NAME = "$(TARGET_NAME)";
				SWIFT_VERSION = 5.0;
				TARGETED_DEVICE_FAMILY = "1,2";
			};
			name = "Release (Prod)";
		};
		DA80F4432282D3C8004285F9 /* Release (Prod) */ = {
			isa = XCBuildConfiguration;
			buildSettings = {
				ALWAYS_EMBED_SWIFT_STANDARD_LIBRARIES = YES;
				BUNDLE_LOADER = "$(TEST_HOST)";
				CODE_SIGN_STYLE = Automatic;
				INFOPLIST_FILE = demoCaptureImageTests/Info.plist;
				LD_RUNPATH_SEARCH_PATHS = (
					"$(inherited)",
					"@executable_path/Frameworks",
					"@loader_path/Frameworks",
				);
				PRODUCT_BUNDLE_IDENTIFIER = dev.rakumo.demoCaptureImageTests;
				PRODUCT_NAME = "$(TARGET_NAME)";
				SWIFT_VERSION = 5.0;
				TARGETED_DEVICE_FAMILY = "1,2";
				TEST_HOST = "$(BUILT_PRODUCTS_DIR)/demoCaptureImage.app/demoCaptureImage";
			};
			name = "Release (Prod)";
		};
		DA80F4442282D3C8004285F9 /* Release (Prod) */ = {
			isa = XCBuildConfiguration;
			buildSettings = {
				ALWAYS_EMBED_SWIFT_STANDARD_LIBRARIES = YES;
				CODE_SIGN_STYLE = Automatic;
				INFOPLIST_FILE = demoCaptureImageUITests/Info.plist;
				LD_RUNPATH_SEARCH_PATHS = (
					"$(inherited)",
					"@executable_path/Frameworks",
					"@loader_path/Frameworks",
				);
				PRODUCT_BUNDLE_IDENTIFIER = dev.rakumo.demoCaptureImageUITests;
				PRODUCT_NAME = "$(TARGET_NAME)";
				SWIFT_VERSION = 5.0;
				TARGETED_DEVICE_FAMILY = "1,2";
				TEST_TARGET_NAME = demoCaptureImage;
			};
			name = "Release (Prod)";
		};
/* End XCBuildConfiguration section */

/* Begin XCConfigurationList section */
		DA80F3FF2282D33F004285F9 /* Build configuration list for PBXProject "demoCaptureImage" */ = {
			isa = XCConfigurationList;
			buildConfigurations = (
				DA80F42A2282D341004285F9 /* Debug (Dev) */,
				DA80F4352282D39B004285F9 /* Debug (Stagging) */,
				DA80F43D2282D3B0004285F9 /* Debug (Prod) */,
				DA80F42B2282D341004285F9 /* Release (Dev) */,
				DA80F4392282D3A8004285F9 /* Release (Stagging) */,
				DA80F4412282D3C8004285F9 /* Release (Prod) */,
			);
			defaultConfigurationIsVisible = 0;
			defaultConfigurationName = "Release (Dev)";
		};
		DA80F42C2282D341004285F9 /* Build configuration list for PBXNativeTarget "demoCaptureImage" */ = {
			isa = XCConfigurationList;
			buildConfigurations = (
				DA80F42D2282D341004285F9 /* Debug (Dev) */,
				DA80F4362282D39B004285F9 /* Debug (Stagging) */,
				DA80F43E2282D3B0004285F9 /* Debug (Prod) */,
				DA80F42E2282D341004285F9 /* Release (Dev) */,
				DA80F43A2282D3A8004285F9 /* Release (Stagging) */,
				DA80F4422282D3C8004285F9 /* Release (Prod) */,
			);
			defaultConfigurationIsVisible = 0;
			defaultConfigurationName = "Release (Dev)";
		};
		DA80F42F2282D341004285F9 /* Build configuration list for PBXNativeTarget "demoCaptureImageTests" */ = {
			isa = XCConfigurationList;
			buildConfigurations = (
				DA80F4302282D341004285F9 /* Debug (Dev) */,
				DA80F4372282D39B004285F9 /* Debug (Stagging) */,
				DA80F43F2282D3B0004285F9 /* Debug (Prod) */,
				DA80F4312282D341004285F9 /* Release (Dev) */,
				DA80F43B2282D3A8004285F9 /* Release (Stagging) */,
				DA80F4432282D3C8004285F9 /* Release (Prod) */,
			);
			defaultConfigurationIsVisible = 0;
			defaultConfigurationName = "Release (Dev)";
		};
		DA80F4322282D341004285F9 /* Build configuration list for PBXNativeTarget "demoCaptureImageUITests" */ = {
			isa = XCConfigurationList;
			buildConfigurations = (
				DA80F4332282D341004285F9 /* Debug (Dev) */,
				DA80F4382282D39B004285F9 /* Debug (Stagging) */,
				DA80F4402282D3B0004285F9 /* Debug (Prod) */,
				DA80F4342282D341004285F9 /* Release (Dev) */,
				DA80F43C2282D3A8004285F9 /* Release (Stagging) */,
				DA80F4442282D3C8004285F9 /* Release (Prod) */,
			);
			defaultConfigurationIsVisible = 0;
			defaultConfigurationName = "Release (Dev)";
		};
/* End XCConfigurationList section */
	};
	rootObject = DA80F3FC2282D33F004285F9 /* Project object */;
}
