// !$*UTF8*$!
{
	archiveVersion = 1;
	classes = {
	};
	objectVersion = 51;
	objects = {

/* Begin PBXBuildFile section */
		322AFDA9639DB152F07687C2 /* Assets.xcassets in Resources */ = {isa = PBXBuildFile; fileRef = 322AFD834A25B4295A6FBE3F /* Assets.xcassets */; };
		7C7EDCBE90E8DFE0D164FD51 /* Pods_demoCaptureImage.framework in Frameworks */ = {isa = PBXBuildFile; fileRef = DCA726276AFE7EDA1C2D14E3 /* Pods_demoCaptureImage.framework */; };
		DA0CA0B7229234E900919BE8 /* GlobalConstant.swift in Sources */ = {isa = PBXBuildFile; fileRef = DA0CA0B5229234E800919BE8 /* GlobalConstant.swift */; };
		DA0CA0B8229234E900919BE8 /* ConstantAPI.swift in Sources */ = {isa = PBXBuildFile; fileRef = DA0CA0B6229234E800919BE8 /* ConstantAPI.swift */; };
		DA16D6572285252100CC30D7 /* Environment.swift in Sources */ = {isa = PBXBuildFile; fileRef = DA16D6562285252100CC30D7 /* Environment.swift */; };
		DA16D659228527CF00CC30D7 /* LoginViewController.swift in Sources */ = {isa = PBXBuildFile; fileRef = DA16D658228527CF00CC30D7 /* LoginViewController.swift */; };
		DA1CBFCB228906800046B4D0 /* AlertUtils.swift in Sources */ = {isa = PBXBuildFile; fileRef = DA1CBFCA228906800046B4D0 /* AlertUtils.swift */; };
		DA1CBFCD228907A20046B4D0 /* UIWindowExtension.swift in Sources */ = {isa = PBXBuildFile; fileRef = DA1CBFCC228907A20046B4D0 /* UIWindowExtension.swift */; };
		DA1CBFD22289229B0046B4D0 /* ActionModel.swift in Sources */ = {isa = PBXBuildFile; fileRef = DA1CBFD12289229B0046B4D0 /* ActionModel.swift */; };
		DA1CBFD42289242F0046B4D0 /* CaptureImageAction.swift in Sources */ = {isa = PBXBuildFile; fileRef = DA1CBFD32289242F0046B4D0 /* CaptureImageAction.swift */; };
		DA1CBFD6228924F80046B4D0 /* OpenLibraryAction.swift in Sources */ = {isa = PBXBuildFile; fileRef = DA1CBFD5228924F80046B4D0 /* OpenLibraryAction.swift */; };
		DA1CBFD8228925770046B4D0 /* LogoutAction.swift in Sources */ = {isa = PBXBuildFile; fileRef = DA1CBFD7228925770046B4D0 /* LogoutAction.swift */; };
		DA1CBFE622892A8C0046B4D0 /* CIRectangleDetector.swift in Sources */ = {isa = PBXBuildFile; fileRef = DA1CBFE522892A8C0046B4D0 /* CIRectangleDetector.swift */; };
		DA1CBFE822892AA60046B4D0 /* VisionRectangleDetector.swift in Sources */ = {isa = PBXBuildFile; fileRef = DA1CBFE722892AA60046B4D0 /* VisionRectangleDetector.swift */; };
		DA1CBFEA22892AC80046B4D0 /* Quadrilateral.swift in Sources */ = {isa = PBXBuildFile; fileRef = DA1CBFE922892AC80046B4D0 /* Quadrilateral.swift */; };
		DA1CBFEC22892AD60046B4D0 /* QuadrilateralView.swift in Sources */ = {isa = PBXBuildFile; fileRef = DA1CBFEB22892AD60046B4D0 /* QuadrilateralView.swift */; };
		DA1CBFEE22892AE50046B4D0 /* Error.swift in Sources */ = {isa = PBXBuildFile; fileRef = DA1CBFED22892AE50046B4D0 /* Error.swift */; };
		DA1CBFF022892AF10046B4D0 /* EditScanCornerView.swift in Sources */ = {isa = PBXBuildFile; fileRef = DA1CBFEF22892AF10046B4D0 /* EditScanCornerView.swift */; };
		DA1CBFF222892B9B0046B4D0 /* ScannerViewController.swift in Sources */ = {isa = PBXBuildFile; fileRef = DA1CBFF122892B9B0046B4D0 /* ScannerViewController.swift */; };
		DA1CBFF422892BAB0046B4D0 /* CaptureSessionManager.swift in Sources */ = {isa = PBXBuildFile; fileRef = DA1CBFF322892BAB0046B4D0 /* CaptureSessionManager.swift */; };
		DA1CBFF622892BC30046B4D0 /* RectangleFeaturesFunnel.swift in Sources */ = {isa = PBXBuildFile; fileRef = DA1CBFF522892BC30046B4D0 /* RectangleFeaturesFunnel.swift */; };
		DA1CBFF822892BCE0046B4D0 /* ShutterButton.swift in Sources */ = {isa = PBXBuildFile; fileRef = DA1CBFF722892BCE0046B4D0 /* ShutterButton.swift */; };
		DA1CBFFA22892BDA0046B4D0 /* FocusRectangleView.swift in Sources */ = {isa = PBXBuildFile; fileRef = DA1CBFF922892BDA0046B4D0 /* FocusRectangleView.swift */; };
		DA1CBFFC2289403F0046B4D0 /* EditScanViewController.swift in Sources */ = {isa = PBXBuildFile; fileRef = DA1CBFFB2289403F0046B4D0 /* EditScanViewController.swift */; };
		DA1CBFFE2289404E0046B4D0 /* ZoomGestureController.swift in Sources */ = {isa = PBXBuildFile; fileRef = DA1CBFFD2289404E0046B4D0 /* ZoomGestureController.swift */; };
		DA1CC000228940DF0046B4D0 /* ReviewViewController.swift in Sources */ = {isa = PBXBuildFile; fileRef = DA1CBFFF228940DE0046B4D0 /* ReviewViewController.swift */; };
		DA1CC002228941240046B4D0 /* CaptureSession.swift in Sources */ = {isa = PBXBuildFile; fileRef = DA1CC001228941240046B4D0 /* CaptureSession.swift */; };
		DA1CC004228941440046B4D0 /* CaptureSession+Flash.swift in Sources */ = {isa = PBXBuildFile; fileRef = DA1CC003228941440046B4D0 /* CaptureSession+Flash.swift */; };
		DA1CC0062289416D0046B4D0 /* CaptureSession+Focus.swift in Sources */ = {isa = PBXBuildFile; fileRef = DA1CC0052289416D0046B4D0 /* CaptureSession+Focus.swift */; };
		DA1CC0082289418C0046B4D0 /* CaptureSession+Orientation.swift in Sources */ = {isa = PBXBuildFile; fileRef = DA1CC0072289418C0046B4D0 /* CaptureSession+Orientation.swift */; };
		DA1CC00A228941B10046B4D0 /* Array+Utils.swift in Sources */ = {isa = PBXBuildFile; fileRef = DA1CC009228941B10046B4D0 /* Array+Utils.swift */; };
		DA1CC00C228941CE0046B4D0 /* AVCaptureVideoOrientation+Utils.swift in Sources */ = {isa = PBXBuildFile; fileRef = DA1CC00B228941CE0046B4D0 /* AVCaptureVideoOrientation+Utils.swift */; };
		DA1CC00E228941E30046B4D0 /* CGPoint+Utils.swift in Sources */ = {isa = PBXBuildFile; fileRef = DA1CC00D228941E30046B4D0 /* CGPoint+Utils.swift */; };
		DA1CC010228941F90046B4D0 /* CGAffineTransform+Utils.swift in Sources */ = {isa = PBXBuildFile; fileRef = DA1CC00F228941F90046B4D0 /* CGAffineTransform+Utils.swift */; };
		DA1CC012228942110046B4D0 /* CGRect+Utils.swift in Sources */ = {isa = PBXBuildFile; fileRef = DA1CC011228942110046B4D0 /* CGRect+Utils.swift */; };
		DA1CC014228942320046B4D0 /* CIImage+Utils.swift in Sources */ = {isa = PBXBuildFile; fileRef = DA1CC013228942320046B4D0 /* CIImage+Utils.swift */; };
		DA1CC016228942490046B4D0 /* UIImage+Utils.swift in Sources */ = {isa = PBXBuildFile; fileRef = DA1CC015228942490046B4D0 /* UIImage+Utils.swift */; };
		DA1CC018228942720046B4D0 /* UIImage+Orientation.swift in Sources */ = {isa = PBXBuildFile; fileRef = DA1CC017228942720046B4D0 /* UIImage+Orientation.swift */; };
		DA1CC01A228942DA0046B4D0 /* Transformable.swift in Sources */ = {isa = PBXBuildFile; fileRef = DA1CC019228942DA0046B4D0 /* Transformable.swift */; };
		DA1CC01C2289430C0046B4D0 /* AVCaptureDeviceExtension.swift in Sources */ = {isa = PBXBuildFile; fileRef = DA1CC01B2289430C0046B4D0 /* AVCaptureDeviceExtension.swift */; };
		DA1CC01F2289435B0046B4D0 /* MockCaptureDevice.swift in Sources */ = {isa = PBXBuildFile; fileRef = DA1CC01E2289435B0046B4D0 /* MockCaptureDevice.swift */; };
		DA1CC021228943810046B4D0 /* ImageScannerController.swift in Sources */ = {isa = PBXBuildFile; fileRef = DA1CC020228943810046B4D0 /* ImageScannerController.swift */; };
		DA285529228A4D0D00585A3F /* APIManager.swift in Sources */ = {isa = PBXBuildFile; fileRef = DA285528228A4D0D00585A3F /* APIManager.swift */; };
		DA29DF1122A75FFD00E6DEDB /* ChooseImageViewController.swift in Sources */ = {isa = PBXBuildFile; fileRef = DA29DF1022A75FFD00E6DEDB /* ChooseImageViewController.swift */; };
		DA931AF1228405BD0047DC90 /* Prod.xcconfig in Resources */ = {isa = PBXBuildFile; fileRef = DA931AEE228405BD0047DC90 /* Prod.xcconfig */; };
		DA931AF2228405BD0047DC90 /* Dev.xcconfig in Resources */ = {isa = PBXBuildFile; fileRef = DA931AEF228405BD0047DC90 /* Dev.xcconfig */; };
		DA931AF3228405BD0047DC90 /* Stagging.xcconfig in Resources */ = {isa = PBXBuildFile; fileRef = DA931AF0228405BD0047DC90 /* Stagging.xcconfig */; };
		DA931AF82284061D0047DC90 /* AppDelegate.swift in Sources */ = {isa = PBXBuildFile; fileRef = DA931AF72284061D0047DC90 /* AppDelegate.swift */; };
		DA931AFD228406C70047DC90 /* Main.storyboard in Resources */ = {isa = PBXBuildFile; fileRef = DA931AFB228406C70047DC90 /* Main.storyboard */; };
		DA931AFE228406C70047DC90 /* LaunchScreen.storyboard in Resources */ = {isa = PBXBuildFile; fileRef = DA931AFC228406C70047DC90 /* LaunchScreen.storyboard */; };
		DABEFFBC228563D8006127BF /* UIColorExtension.swift in Sources */ = {isa = PBXBuildFile; fileRef = DABEFFBB228563D8006127BF /* UIColorExtension.swift */; };
		DABEFFC02285737A006127BF /* HomeViewController.swift in Sources */ = {isa = PBXBuildFile; fileRef = DABEFFBF2285737A006127BF /* HomeViewController.swift */; };
/* End PBXBuildFile section */

/* Begin PBXFileReference section */
		216332BB7836B857300AC24C /* Pods-demoCaptureImage.stagging.xcconfig */ = {isa = PBXFileReference; includeInIndex = 1; lastKnownFileType = text.xcconfig; name = "Pods-demoCaptureImage.stagging.xcconfig"; path = "Target Support Files/Pods-demoCaptureImage/Pods-demoCaptureImage.stagging.xcconfig"; sourceTree = "<group>"; };
		322AFD834A25B4295A6FBE3F /* Assets.xcassets */ = {isa = PBXFileReference; lastKnownFileType = folder.assetcatalog; path = Assets.xcassets; sourceTree = "<group>"; };
		533C9D5B50ECA415E861C18A /* Pods-demoCaptureImage.prod.xcconfig */ = {isa = PBXFileReference; includeInIndex = 1; lastKnownFileType = text.xcconfig; name = "Pods-demoCaptureImage.prod.xcconfig"; path = "Target Support Files/Pods-demoCaptureImage/Pods-demoCaptureImage.prod.xcconfig"; sourceTree = "<group>"; };
		DA0CA0B5229234E800919BE8 /* GlobalConstant.swift */ = {isa = PBXFileReference; fileEncoding = 4; lastKnownFileType = sourcecode.swift; path = GlobalConstant.swift; sourceTree = "<group>"; };
		DA0CA0B6229234E800919BE8 /* ConstantAPI.swift */ = {isa = PBXFileReference; fileEncoding = 4; lastKnownFileType = sourcecode.swift; path = ConstantAPI.swift; sourceTree = "<group>"; };
		DA0CA0BA2292356600919BE8 /* Info.plist */ = {isa = PBXFileReference; fileEncoding = 4; lastKnownFileType = text.plist.xml; path = Info.plist; sourceTree = "<group>"; };
		DA16D6562285252100CC30D7 /* Environment.swift */ = {isa = PBXFileReference; fileEncoding = 4; lastKnownFileType = sourcecode.swift; path = Environment.swift; sourceTree = "<group>"; };
		DA16D658228527CF00CC30D7 /* LoginViewController.swift */ = {isa = PBXFileReference; lastKnownFileType = sourcecode.swift; path = LoginViewController.swift; sourceTree = "<group>"; };
		DA1CBFCA228906800046B4D0 /* AlertUtils.swift */ = {isa = PBXFileReference; lastKnownFileType = sourcecode.swift; path = AlertUtils.swift; sourceTree = "<group>"; };
		DA1CBFCC228907A20046B4D0 /* UIWindowExtension.swift */ = {isa = PBXFileReference; lastKnownFileType = sourcecode.swift; path = UIWindowExtension.swift; sourceTree = "<group>"; };
		DA1CBFD12289229B0046B4D0 /* ActionModel.swift */ = {isa = PBXFileReference; lastKnownFileType = sourcecode.swift; path = ActionModel.swift; sourceTree = "<group>"; };
		DA1CBFD32289242F0046B4D0 /* CaptureImageAction.swift */ = {isa = PBXFileReference; lastKnownFileType = sourcecode.swift; path = CaptureImageAction.swift; sourceTree = "<group>"; };
		DA1CBFD5228924F80046B4D0 /* OpenLibraryAction.swift */ = {isa = PBXFileReference; lastKnownFileType = sourcecode.swift; path = OpenLibraryAction.swift; sourceTree = "<group>"; };
		DA1CBFD7228925770046B4D0 /* LogoutAction.swift */ = {isa = PBXFileReference; lastKnownFileType = sourcecode.swift; path = LogoutAction.swift; sourceTree = "<group>"; };
		DA1CBFE522892A8C0046B4D0 /* CIRectangleDetector.swift */ = {isa = PBXFileReference; lastKnownFileType = sourcecode.swift; path = CIRectangleDetector.swift; sourceTree = "<group>"; };
		DA1CBFE722892AA60046B4D0 /* VisionRectangleDetector.swift */ = {isa = PBXFileReference; lastKnownFileType = sourcecode.swift; path = VisionRectangleDetector.swift; sourceTree = "<group>"; };
		DA1CBFE922892AC80046B4D0 /* Quadrilateral.swift */ = {isa = PBXFileReference; lastKnownFileType = sourcecode.swift; path = Quadrilateral.swift; sourceTree = "<group>"; };
		DA1CBFEB22892AD60046B4D0 /* QuadrilateralView.swift */ = {isa = PBXFileReference; lastKnownFileType = sourcecode.swift; path = QuadrilateralView.swift; sourceTree = "<group>"; };
		DA1CBFED22892AE50046B4D0 /* Error.swift */ = {isa = PBXFileReference; lastKnownFileType = sourcecode.swift; path = Error.swift; sourceTree = "<group>"; };
		DA1CBFEF22892AF10046B4D0 /* EditScanCornerView.swift */ = {isa = PBXFileReference; lastKnownFileType = sourcecode.swift; path = EditScanCornerView.swift; sourceTree = "<group>"; };
		DA1CBFF122892B9B0046B4D0 /* ScannerViewController.swift */ = {isa = PBXFileReference; lastKnownFileType = sourcecode.swift; path = ScannerViewController.swift; sourceTree = "<group>"; };
		DA1CBFF322892BAB0046B4D0 /* CaptureSessionManager.swift */ = {isa = PBXFileReference; lastKnownFileType = sourcecode.swift; path = CaptureSessionManager.swift; sourceTree = "<group>"; };
		DA1CBFF522892BC30046B4D0 /* RectangleFeaturesFunnel.swift */ = {isa = PBXFileReference; lastKnownFileType = sourcecode.swift; path = RectangleFeaturesFunnel.swift; sourceTree = "<group>"; };
		DA1CBFF722892BCE0046B4D0 /* ShutterButton.swift */ = {isa = PBXFileReference; lastKnownFileType = sourcecode.swift; path = ShutterButton.swift; sourceTree = "<group>"; };
		DA1CBFF922892BDA0046B4D0 /* FocusRectangleView.swift */ = {isa = PBXFileReference; lastKnownFileType = sourcecode.swift; path = FocusRectangleView.swift; sourceTree = "<group>"; };
		DA1CBFFB2289403F0046B4D0 /* EditScanViewController.swift */ = {isa = PBXFileReference; lastKnownFileType = sourcecode.swift; path = EditScanViewController.swift; sourceTree = "<group>"; };
		DA1CBFFD2289404E0046B4D0 /* ZoomGestureController.swift */ = {isa = PBXFileReference; lastKnownFileType = sourcecode.swift; path = ZoomGestureController.swift; sourceTree = "<group>"; };
		DA1CBFFF228940DE0046B4D0 /* ReviewViewController.swift */ = {isa = PBXFileReference; lastKnownFileType = sourcecode.swift; path = ReviewViewController.swift; sourceTree = "<group>"; };
		DA1CC001228941240046B4D0 /* CaptureSession.swift */ = {isa = PBXFileReference; lastKnownFileType = sourcecode.swift; path = CaptureSession.swift; sourceTree = "<group>"; };
		DA1CC003228941440046B4D0 /* CaptureSession+Flash.swift */ = {isa = PBXFileReference; lastKnownFileType = sourcecode.swift; path = "CaptureSession+Flash.swift"; sourceTree = "<group>"; };
		DA1CC0052289416D0046B4D0 /* CaptureSession+Focus.swift */ = {isa = PBXFileReference; lastKnownFileType = sourcecode.swift; path = "CaptureSession+Focus.swift"; sourceTree = "<group>"; };
		DA1CC0072289418C0046B4D0 /* CaptureSession+Orientation.swift */ = {isa = PBXFileReference; lastKnownFileType = sourcecode.swift; path = "CaptureSession+Orientation.swift"; sourceTree = "<group>"; };
		DA1CC009228941B10046B4D0 /* Array+Utils.swift */ = {isa = PBXFileReference; lastKnownFileType = sourcecode.swift; path = "Array+Utils.swift"; sourceTree = "<group>"; };
		DA1CC00B228941CE0046B4D0 /* AVCaptureVideoOrientation+Utils.swift */ = {isa = PBXFileReference; lastKnownFileType = sourcecode.swift; path = "AVCaptureVideoOrientation+Utils.swift"; sourceTree = "<group>"; };
		DA1CC00D228941E30046B4D0 /* CGPoint+Utils.swift */ = {isa = PBXFileReference; lastKnownFileType = sourcecode.swift; path = "CGPoint+Utils.swift"; sourceTree = "<group>"; };
		DA1CC00F228941F90046B4D0 /* CGAffineTransform+Utils.swift */ = {isa = PBXFileReference; lastKnownFileType = sourcecode.swift; path = "CGAffineTransform+Utils.swift"; sourceTree = "<group>"; };
		DA1CC011228942110046B4D0 /* CGRect+Utils.swift */ = {isa = PBXFileReference; lastKnownFileType = sourcecode.swift; path = "CGRect+Utils.swift"; sourceTree = "<group>"; };
		DA1CC013228942320046B4D0 /* CIImage+Utils.swift */ = {isa = PBXFileReference; lastKnownFileType = sourcecode.swift; path = "CIImage+Utils.swift"; sourceTree = "<group>"; };
		DA1CC015228942490046B4D0 /* UIImage+Utils.swift */ = {isa = PBXFileReference; lastKnownFileType = sourcecode.swift; path = "UIImage+Utils.swift"; sourceTree = "<group>"; };
		DA1CC017228942720046B4D0 /* UIImage+Orientation.swift */ = {isa = PBXFileReference; lastKnownFileType = sourcecode.swift; path = "UIImage+Orientation.swift"; sourceTree = "<group>"; };
		DA1CC019228942DA0046B4D0 /* Transformable.swift */ = {isa = PBXFileReference; lastKnownFileType = sourcecode.swift; path = Transformable.swift; sourceTree = "<group>"; };
		DA1CC01B2289430C0046B4D0 /* AVCaptureDeviceExtension.swift */ = {isa = PBXFileReference; lastKnownFileType = sourcecode.swift; path = AVCaptureDeviceExtension.swift; sourceTree = "<group>"; };
		DA1CC01E2289435B0046B4D0 /* MockCaptureDevice.swift */ = {isa = PBXFileReference; lastKnownFileType = sourcecode.swift; path = MockCaptureDevice.swift; sourceTree = "<group>"; };
		DA1CC020228943810046B4D0 /* ImageScannerController.swift */ = {isa = PBXFileReference; lastKnownFileType = sourcecode.swift; path = ImageScannerController.swift; sourceTree = "<group>"; };
		DA285528228A4D0D00585A3F /* APIManager.swift */ = {isa = PBXFileReference; fileEncoding = 4; lastKnownFileType = sourcecode.swift; path = APIManager.swift; sourceTree = "<group>"; };
		DA29DF1022A75FFD00E6DEDB /* ChooseImageViewController.swift */ = {isa = PBXFileReference; lastKnownFileType = sourcecode.swift; path = ChooseImageViewController.swift; sourceTree = "<group>"; };
		DA80F4042282D33F004285F9 /* demoCaptureImage.app */ = {isa = PBXFileReference; explicitFileType = wrapper.application; includeInIndex = 0; path = demoCaptureImage.app; sourceTree = BUILT_PRODUCTS_DIR; };
		DA80F41C2282D341004285F9 /* demoCaptureImageTests.swift */ = {isa = PBXFileReference; lastKnownFileType = sourcecode.swift; path = demoCaptureImageTests.swift; sourceTree = "<group>"; };
		DA80F41E2282D341004285F9 /* Info.plist */ = {isa = PBXFileReference; lastKnownFileType = text.plist.xml; path = Info.plist; sourceTree = "<group>"; };
		DA80F4272282D341004285F9 /* demoCaptureImageUITests.swift */ = {isa = PBXFileReference; lastKnownFileType = sourcecode.swift; path = demoCaptureImageUITests.swift; sourceTree = "<group>"; };
		DA80F4292282D341004285F9 /* Info.plist */ = {isa = PBXFileReference; lastKnownFileType = text.plist.xml; path = Info.plist; sourceTree = "<group>"; };
		DA931AEE228405BD0047DC90 /* Prod.xcconfig */ = {isa = PBXFileReference; fileEncoding = 4; lastKnownFileType = text.xcconfig; path = Prod.xcconfig; sourceTree = "<group>"; };
		DA931AEF228405BD0047DC90 /* Dev.xcconfig */ = {isa = PBXFileReference; fileEncoding = 4; lastKnownFileType = text.xcconfig; path = Dev.xcconfig; sourceTree = "<group>"; };
		DA931AF0228405BD0047DC90 /* Stagging.xcconfig */ = {isa = PBXFileReference; fileEncoding = 4; lastKnownFileType = text.xcconfig; path = Stagging.xcconfig; sourceTree = "<group>"; };
		DA931AF72284061D0047DC90 /* AppDelegate.swift */ = {isa = PBXFileReference; fileEncoding = 4; lastKnownFileType = sourcecode.swift; path = AppDelegate.swift; sourceTree = "<group>"; };
		DA931AFB228406C70047DC90 /* Main.storyboard */ = {isa = PBXFileReference; fileEncoding = 4; lastKnownFileType = file.storyboard; path = Main.storyboard; sourceTree = "<group>"; };
		DA931AFC228406C70047DC90 /* LaunchScreen.storyboard */ = {isa = PBXFileReference; fileEncoding = 4; lastKnownFileType = file.storyboard; path = LaunchScreen.storyboard; sourceTree = "<group>"; };
		DABEFFBB228563D8006127BF /* UIColorExtension.swift */ = {isa = PBXFileReference; lastKnownFileType = sourcecode.swift; path = UIColorExtension.swift; sourceTree = "<group>"; };
		DABEFFBF2285737A006127BF /* HomeViewController.swift */ = {isa = PBXFileReference; lastKnownFileType = sourcecode.swift; path = HomeViewController.swift; sourceTree = "<group>"; };
		DCA726276AFE7EDA1C2D14E3 /* Pods_demoCaptureImage.framework */ = {isa = PBXFileReference; explicitFileType = wrapper.framework; includeInIndex = 0; path = Pods_demoCaptureImage.framework; sourceTree = BUILT_PRODUCTS_DIR; };
		ED3BFC900744D459F37B27CB /* Pods-demoCaptureImage.dev.xcconfig */ = {isa = PBXFileReference; includeInIndex = 1; lastKnownFileType = text.xcconfig; name = "Pods-demoCaptureImage.dev.xcconfig"; path = "Target Support Files/Pods-demoCaptureImage/Pods-demoCaptureImage.dev.xcconfig"; sourceTree = "<group>"; };
/* End PBXFileReference section */

/* Begin PBXFrameworksBuildPhase section */
		DA80F4012282D33F004285F9 /* Frameworks */ = {
			isa = PBXFrameworksBuildPhase;
			buildActionMask = 2147483647;
			files = (
				7C7EDCBE90E8DFE0D164FD51 /* Pods_demoCaptureImage.framework in Frameworks */,
			);
			runOnlyForDeploymentPostprocessing = 0;
		};
/* End PBXFrameworksBuildPhase section */

/* Begin PBXGroup section */
		76285B124D986EE1F3D04C9C /* Pods */ = {
			isa = PBXGroup;
			children = (
				ED3BFC900744D459F37B27CB /* Pods-demoCaptureImage.dev.xcconfig */,
				216332BB7836B857300AC24C /* Pods-demoCaptureImage.stagging.xcconfig */,
				533C9D5B50ECA415E861C18A /* Pods-demoCaptureImage.prod.xcconfig */,
			);
			path = Pods;
			sourceTree = "<group>";
		};
		792D16EFBD6DB2A2320B6AD9 /* Frameworks */ = {
			isa = PBXGroup;
			children = (
				DCA726276AFE7EDA1C2D14E3 /* Pods_demoCaptureImage.framework */,
			);
			name = Frameworks;
			sourceTree = "<group>";
		};
		DA0CA0B4229234E800919BE8 /* Constant */ = {
			isa = PBXGroup;
			children = (
				DA0CA0B5229234E800919BE8 /* GlobalConstant.swift */,
				DA0CA0B6229234E800919BE8 /* ConstantAPI.swift */,
			);
			path = Constant;
			sourceTree = "<group>";
		};
		DA0CA0B92292356600919BE8 /* Support Files */ = {
			isa = PBXGroup;
			children = (
				DA0CA0BA2292356600919BE8 /* Info.plist */,
				322AFD834A25B4295A6FBE3F /* Assets.xcassets */,
			);
			path = "Support Files";
			sourceTree = "<group>";
		};
		DA16D655228524FE00CC30D7 /* Environment */ = {
			isa = PBXGroup;
			children = (
				DA16D6562285252100CC30D7 /* Environment.swift */,
			);
			path = Environment;
			sourceTree = "<group>";
		};
		DA1CBFC9228906720046B4D0 /* Util */ = {
			isa = PBXGroup;
			children = (
				DA1CBFCA228906800046B4D0 /* AlertUtils.swift */,
			);
			path = Util;
			sourceTree = "<group>";
		};
		DA1CBFD0228922820046B4D0 /* Model */ = {
			isa = PBXGroup;
			children = (
				DA1CBFD12289229B0046B4D0 /* ActionModel.swift */,
				DA1CBFD32289242F0046B4D0 /* CaptureImageAction.swift */,
				DA1CBFD5228924F80046B4D0 /* OpenLibraryAction.swift */,
				DA1CBFD7228925770046B4D0 /* LogoutAction.swift */,
			);
			path = Model;
			sourceTree = "<group>";
		};
		DA1CBFDC2289298B0046B4D0 /* Module */ = {
			isa = PBXGroup;
			children = (
				DA1CBFDD228929C80046B4D0 /* BusinessCardScanner */,
			);
			path = Module;
			sourceTree = "<group>";
		};
		DA1CBFDD228929C80046B4D0 /* BusinessCardScanner */ = {
			isa = PBXGroup;
			children = (
				DA1CC01D2289433F0046B4D0 /* Device */,
				DA1CBFE422892A760046B4D0 /* Common */,
				DA1CBFDF22892A760046B4D0 /* Controller */,
				DA1CBFDE22892A760046B4D0 /* Extension */,
				DA1CBFE322892A760046B4D0 /* Session */,
			);
			path = BusinessCardScanner;
			sourceTree = "<group>";
		};
		DA1CBFDE22892A760046B4D0 /* Extension */ = {
			isa = PBXGroup;
			children = (
				DA1CC009228941B10046B4D0 /* Array+Utils.swift */,
				DA1CC00B228941CE0046B4D0 /* AVCaptureVideoOrientation+Utils.swift */,
				DA1CC00D228941E30046B4D0 /* CGPoint+Utils.swift */,
				DA1CC00F228941F90046B4D0 /* CGAffineTransform+Utils.swift */,
				DA1CC011228942110046B4D0 /* CGRect+Utils.swift */,
				DA1CC013228942320046B4D0 /* CIImage+Utils.swift */,
				DA1CC015228942490046B4D0 /* UIImage+Utils.swift */,
				DA1CC017228942720046B4D0 /* UIImage+Orientation.swift */,
				DA1CC019228942DA0046B4D0 /* Transformable.swift */,
				DA1CC01B2289430C0046B4D0 /* AVCaptureDeviceExtension.swift */,
			);
			path = Extension;
			sourceTree = "<group>";
		};
		DA1CBFDF22892A760046B4D0 /* Controller */ = {
			isa = PBXGroup;
			children = (
				DA29DF0F22A75FB200E6DEDB /* Choose */,
				DA1CBFE022892A760046B4D0 /* Scan */,
				DA1CBFE122892A760046B4D0 /* Edit */,
				DA1CBFE222892A760046B4D0 /* Review */,
			);
			path = Controller;
			sourceTree = "<group>";
		};
		DA1CBFE022892A760046B4D0 /* Scan */ = {
			isa = PBXGroup;
			children = (
				DA1CBFF122892B9B0046B4D0 /* ScannerViewController.swift */,
				DA1CBFF322892BAB0046B4D0 /* CaptureSessionManager.swift */,
				DA1CBFF522892BC30046B4D0 /* RectangleFeaturesFunnel.swift */,
				DA1CBFF722892BCE0046B4D0 /* ShutterButton.swift */,
				DA1CBFF922892BDA0046B4D0 /* FocusRectangleView.swift */,
				DA1CC020228943810046B4D0 /* ImageScannerController.swift */,
			);
			path = Scan;
			sourceTree = "<group>";
		};
		DA1CBFE122892A760046B4D0 /* Edit */ = {
			isa = PBXGroup;
			children = (
				DA1CBFFB2289403F0046B4D0 /* EditScanViewController.swift */,
				DA1CBFFD2289404E0046B4D0 /* ZoomGestureController.swift */,
			);
			path = Edit;
			sourceTree = "<group>";
		};
		DA1CBFE222892A760046B4D0 /* Review */ = {
			isa = PBXGroup;
			children = (
				DA1CBFFF228940DE0046B4D0 /* ReviewViewController.swift */,
			);
			path = Review;
			sourceTree = "<group>";
		};
		DA1CBFE322892A760046B4D0 /* Session */ = {
			isa = PBXGroup;
			children = (
				DA1CC001228941240046B4D0 /* CaptureSession.swift */,
				DA1CC003228941440046B4D0 /* CaptureSession+Flash.swift */,
				DA1CC0052289416D0046B4D0 /* CaptureSession+Focus.swift */,
				DA1CC0072289418C0046B4D0 /* CaptureSession+Orientation.swift */,
			);
			path = Session;
			sourceTree = "<group>";
		};
		DA1CBFE422892A760046B4D0 /* Common */ = {
			isa = PBXGroup;
			children = (
				DA1CBFE522892A8C0046B4D0 /* CIRectangleDetector.swift */,
				DA1CBFE722892AA60046B4D0 /* VisionRectangleDetector.swift */,
				DA1CBFE922892AC80046B4D0 /* Quadrilateral.swift */,
				DA1CBFEB22892AD60046B4D0 /* QuadrilateralView.swift */,
				DA1CBFED22892AE50046B4D0 /* Error.swift */,
				DA1CBFEF22892AF10046B4D0 /* EditScanCornerView.swift */,
			);
			path = Common;
			sourceTree = "<group>";
		};
		DA1CC01D2289433F0046B4D0 /* Device */ = {
			isa = PBXGroup;
			children = (
				DA1CC01E2289435B0046B4D0 /* MockCaptureDevice.swift */,
			);
			path = Device;
			sourceTree = "<group>";
		};
		DA285523228A4CD600585A3F /* API */ = {
			isa = PBXGroup;
			children = (
				DA285528228A4D0D00585A3F /* APIManager.swift */,
			);
			path = API;
			sourceTree = "<group>";
		};
		DA29DF0F22A75FB200E6DEDB /* Choose */ = {
			isa = PBXGroup;
			children = (
				DA29DF1022A75FFD00E6DEDB /* ChooseImageViewController.swift */,
			);
			path = Choose;
			sourceTree = "<group>";
		};
		DA80F3FB2282D33F004285F9 = {
			isa = PBXGroup;
			children = (
				DA931AED2284058E0047DC90 /* AppConfig */,
				DA80F4062282D33F004285F9 /* demoCaptureImage */,
				DA80F41B2282D341004285F9 /* demoCaptureImageTests */,
				DA80F4262282D341004285F9 /* demoCaptureImageUITests */,
				DA80F4052282D33F004285F9 /* Products */,
				76285B124D986EE1F3D04C9C /* Pods */,
				792D16EFBD6DB2A2320B6AD9 /* Frameworks */,
			);
			sourceTree = "<group>";
		};
		DA80F4052282D33F004285F9 /* Products */ = {
			isa = PBXGroup;
			children = (
				DA80F4042282D33F004285F9 /* demoCaptureImage.app */,
			);
			name = Products;
			sourceTree = "<group>";
		};
		DA80F4062282D33F004285F9 /* demoCaptureImage */ = {
			isa = PBXGroup;
			children = (
				DA0CA0B92292356600919BE8 /* Support Files */,
				DA0CA0B4229234E800919BE8 /* Constant */,
				DA285523228A4CD600585A3F /* API */,
				DA1CBFDC2289298B0046B4D0 /* Module */,
				DA1CBFD0228922820046B4D0 /* Model */,
				DA1CBFC9228906720046B4D0 /* Util */,
				DABEFFBA228563CB006127BF /* Extension */,
				DA16D655228524FE00CC30D7 /* Environment */,
				DA931AF5228405FD0047DC90 /* App */,
				DA931AF4228405FD0047DC90 /* Controller */,
				DA931AF6228405FD0047DC90 /* Storyboard */,
			);
			path = demoCaptureImage;
			sourceTree = "<group>";
		};
		DA80F41B2282D341004285F9 /* demoCaptureImageTests */ = {
			isa = PBXGroup;
			children = (
				DA80F41C2282D341004285F9 /* demoCaptureImageTests.swift */,
				DA80F41E2282D341004285F9 /* Info.plist */,
			);
			path = demoCaptureImageTests;
			sourceTree = "<group>";
		};
		DA80F4262282D341004285F9 /* demoCaptureImageUITests */ = {
			isa = PBXGroup;
			children = (
				DA80F4272282D341004285F9 /* demoCaptureImageUITests.swift */,
				DA80F4292282D341004285F9 /* Info.plist */,
			);
			path = demoCaptureImageUITests;
			sourceTree = "<group>";
		};
		DA931AED2284058E0047DC90 /* AppConfig */ = {
			isa = PBXGroup;
			children = (
				DA931AEF228405BD0047DC90 /* Dev.xcconfig */,
				DA931AEE228405BD0047DC90 /* Prod.xcconfig */,
				DA931AF0228405BD0047DC90 /* Stagging.xcconfig */,
			);
			path = AppConfig;
			sourceTree = "<group>";
		};
		DA931AF4228405FD0047DC90 /* Controller */ = {
			isa = PBXGroup;
			children = (
				DA16D658228527CF00CC30D7 /* LoginViewController.swift */,
				DABEFFBF2285737A006127BF /* HomeViewController.swift */,
			);
			path = Controller;
			sourceTree = "<group>";
		};
		DA931AF5228405FD0047DC90 /* App */ = {
			isa = PBXGroup;
			children = (
				DA931AF72284061D0047DC90 /* AppDelegate.swift */,
			);
			path = App;
			sourceTree = "<group>";
		};
		DA931AF6228405FD0047DC90 /* Storyboard */ = {
			isa = PBXGroup;
			children = (
				DA931AFC228406C70047DC90 /* LaunchScreen.storyboard */,
				DA931AFB228406C70047DC90 /* Main.storyboard */,
			);
			path = Storyboard;
			sourceTree = "<group>";
		};
		DABEFFBA228563CB006127BF /* Extension */ = {
			isa = PBXGroup;
			children = (
				DABEFFBB228563D8006127BF /* UIColorExtension.swift */,
				DA1CBFCC228907A20046B4D0 /* UIWindowExtension.swift */,
			);
			path = Extension;
			sourceTree = "<group>";
		};
/* End PBXGroup section */

/* Begin PBXNativeTarget section */
		DA80F4032282D33F004285F9 /* demoCaptureImage */ = {
			isa = PBXNativeTarget;
			buildConfigurationList = DA80F42C2282D341004285F9 /* Build configuration list for PBXNativeTarget "demoCaptureImage" */;
			buildPhases = (
				F38538D00FF0B7963248FFEE /* [CP] Check Pods Manifest.lock */,
				DA80F4002282D33F004285F9 /* Sources */,
				DA80F4012282D33F004285F9 /* Frameworks */,
				DA80F4022282D33F004285F9 /* Resources */,
				B3A9D23E9A53216C2EB4D652 /* [CP] Embed Pods Frameworks */,
				5B28E07BC61087E5553675D5 /* [CP] Copy Pods Resources */,
				DA28552B228A962900585A3F /* ShellScript */,
			);
			buildRules = (
			);
			dependencies = (
			);
			name = demoCaptureImage;
			productName = demoCaptureImage;
			productReference = DA80F4042282D33F004285F9 /* demoCaptureImage.app */;
			productType = "com.apple.product-type.application";
		};
/* End PBXNativeTarget section */

/* Begin PBXProject section */
		DA80F3FC2282D33F004285F9 /* Project object */ = {
			isa = PBXProject;
			attributes = {
				LastSwiftUpdateCheck = 1020;
				LastUpgradeCheck = 1020;
				ORGANIZATIONNAME = phatnt;
				TargetAttributes = {
					DA80F4032282D33F004285F9 = {
						CreatedOnToolsVersion = 10.2.1;
					};
				};
			};
			buildConfigurationList = DA80F3FF2282D33F004285F9 /* Build configuration list for PBXProject "demoCaptureImage" */;
			compatibilityVersion = "Xcode 9.3";
			developmentRegion = en;
			hasScannedForEncodings = 0;
			knownRegions = (
				en,
				Base,
			);
			mainGroup = DA80F3FB2282D33F004285F9;
			productRefGroup = DA80F4052282D33F004285F9 /* Products */;
			projectDirPath = "";
			projectRoot = "";
			targets = (
				DA80F4032282D33F004285F9 /* demoCaptureImage */,
			);
		};
/* End PBXProject section */

/* Begin PBXResourcesBuildPhase section */
		DA80F4022282D33F004285F9 /* Resources */ = {
			isa = PBXResourcesBuildPhase;
			buildActionMask = 2147483647;
			files = (
				DA931AF3228405BD0047DC90 /* Stagging.xcconfig in Resources */,
				DA931AF2228405BD0047DC90 /* Dev.xcconfig in Resources */,
				DA931AFD228406C70047DC90 /* Main.storyboard in Resources */,
				DA931AFE228406C70047DC90 /* LaunchScreen.storyboard in Resources */,
				DA931AF1228405BD0047DC90 /* Prod.xcconfig in Resources */,
				322AFDA9639DB152F07687C2 /* Assets.xcassets in Resources */,
			);
			runOnlyForDeploymentPostprocessing = 0;
		};
/* End PBXResourcesBuildPhase section */

/* Begin PBXShellScriptBuildPhase section */
		5B28E07BC61087E5553675D5 /* [CP] Copy Pods Resources */ = {
			isa = PBXShellScriptBuildPhase;
			buildActionMask = 2147483647;
			files = (
			);
			inputFileListPaths = (
				"${PODS_ROOT}/Target Support Files/Pods-demoCaptureImage/Pods-demoCaptureImage-resources-${CONFIGURATION}-input-files.xcfilelist",
			);
			name = "[CP] Copy Pods Resources";
			outputFileListPaths = (
				"${PODS_ROOT}/Target Support Files/Pods-demoCaptureImage/Pods-demoCaptureImage-resources-${CONFIGURATION}-output-files.xcfilelist",
			);
			runOnlyForDeploymentPostprocessing = 0;
			shellPath = /bin/sh;
			shellScript = "\"${PODS_ROOT}/Target Support Files/Pods-demoCaptureImage/Pods-demoCaptureImage-resources.sh\"\n";
			showEnvVarsInLog = 0;
		};
		B3A9D23E9A53216C2EB4D652 /* [CP] Embed Pods Frameworks */ = {
			isa = PBXShellScriptBuildPhase;
			buildActionMask = 2147483647;
			files = (
			);
			inputFileListPaths = (
				"${PODS_ROOT}/Target Support Files/Pods-demoCaptureImage/Pods-demoCaptureImage-frameworks-${CONFIGURATION}-input-files.xcfilelist",
			);
			name = "[CP] Embed Pods Frameworks";
			outputFileListPaths = (
				"${PODS_ROOT}/Target Support Files/Pods-demoCaptureImage/Pods-demoCaptureImage-frameworks-${CONFIGURATION}-output-files.xcfilelist",
			);
			runOnlyForDeploymentPostprocessing = 0;
			shellPath = /bin/sh;
			shellScript = "\"${PODS_ROOT}/Target Support Files/Pods-demoCaptureImage/Pods-demoCaptureImage-frameworks.sh\"\n";
			showEnvVarsInLog = 0;
		};
		DA28552B228A962900585A3F /* ShellScript */ = {
			isa = PBXShellScriptBuildPhase;
			buildActionMask = 2147483647;
			files = (
			);
			inputFileListPaths = (
			);
			inputPaths = (
			);
			outputFileListPaths = (
			);
			outputPaths = (
			);
			runOnlyForDeploymentPostprocessing = 0;
			shellPath = /bin/sh;
			shellScript = "if which swiftlint >/dev/null; then\n    swiftlint\nelse\n    echo \"warning: SwiftLint not installed, download from https://github.com/realm/SwiftLint\"\nfi\n";
		};
		F38538D00FF0B7963248FFEE /* [CP] Check Pods Manifest.lock */ = {
			isa = PBXShellScriptBuildPhase;
			buildActionMask = 2147483647;
			files = (
			);
			inputFileListPaths = (
			);
			inputPaths = (
				"${PODS_PODFILE_DIR_PATH}/Podfile.lock",
				"${PODS_ROOT}/Manifest.lock",
			);
			name = "[CP] Check Pods Manifest.lock";
			outputFileListPaths = (
			);
			outputPaths = (
				"$(DERIVED_FILE_DIR)/Pods-demoCaptureImage-checkManifestLockResult.txt",
			);
			runOnlyForDeploymentPostprocessing = 0;
			shellPath = /bin/sh;
			shellScript = "diff \"${PODS_PODFILE_DIR_PATH}/Podfile.lock\" \"${PODS_ROOT}/Manifest.lock\" > /dev/null\nif [ $? != 0 ] ; then\n    # print error to STDERR\n    echo \"error: The sandbox is not in sync with the Podfile.lock. Run 'pod install' or update your CocoaPods installation.\" >&2\n    exit 1\nfi\n# This output is used by Xcode 'outputs' to avoid re-running this script phase.\necho \"SUCCESS\" > \"${SCRIPT_OUTPUT_FILE_0}\"\n";
			showEnvVarsInLog = 0;
		};
/* End PBXShellScriptBuildPhase section */

/* Begin PBXSourcesBuildPhase section */
		DA80F4002282D33F004285F9 /* Sources */ = {
			isa = PBXSourcesBuildPhase;
			buildActionMask = 2147483647;
			files = (
				DA1CBFF622892BC30046B4D0 /* RectangleFeaturesFunnel.swift in Sources */,
				DABEFFC02285737A006127BF /* HomeViewController.swift in Sources */,
				DA1CC000228940DF0046B4D0 /* ReviewViewController.swift in Sources */,
				DA1CBFE822892AA60046B4D0 /* VisionRectangleDetector.swift in Sources */,
				DA285529228A4D0D00585A3F /* APIManager.swift in Sources */,
				DA1CBFD8228925770046B4D0 /* LogoutAction.swift in Sources */,
				DA1CC014228942320046B4D0 /* CIImage+Utils.swift in Sources */,
				DA0CA0B7229234E900919BE8 /* GlobalConstant.swift in Sources */,
				DA1CBFF222892B9B0046B4D0 /* ScannerViewController.swift in Sources */,
				DA16D659228527CF00CC30D7 /* LoginViewController.swift in Sources */,
				DA1CBFEA22892AC80046B4D0 /* Quadrilateral.swift in Sources */,
				DA1CC00E228941E30046B4D0 /* CGPoint+Utils.swift in Sources */,
				DA1CC016228942490046B4D0 /* UIImage+Utils.swift in Sources */,
				DA16D6572285252100CC30D7 /* Environment.swift in Sources */,
				DA931AF82284061D0047DC90 /* AppDelegate.swift in Sources */,
				DA1CC01A228942DA0046B4D0 /* Transformable.swift in Sources */,
				DA1CC00C228941CE0046B4D0 /* AVCaptureVideoOrientation+Utils.swift in Sources */,
				DA1CC01F2289435B0046B4D0 /* MockCaptureDevice.swift in Sources */,
				DA1CC0062289416D0046B4D0 /* CaptureSession+Focus.swift in Sources */,
				DA1CC012228942110046B4D0 /* CGRect+Utils.swift in Sources */,
				DA1CC004228941440046B4D0 /* CaptureSession+Flash.swift in Sources */,
				DA1CBFD6228924F80046B4D0 /* OpenLibraryAction.swift in Sources */,
				DA1CC018228942720046B4D0 /* UIImage+Orientation.swift in Sources */,
				DA1CBFEC22892AD60046B4D0 /* QuadrilateralView.swift in Sources */,
				DA1CBFFA22892BDA0046B4D0 /* FocusRectangleView.swift in Sources */,
				DA1CBFEE22892AE50046B4D0 /* Error.swift in Sources */,
				DA1CC021228943810046B4D0 /* ImageScannerController.swift in Sources */,
				DA1CBFCB228906800046B4D0 /* AlertUtils.swift in Sources */,
				DA1CBFF822892BCE0046B4D0 /* ShutterButton.swift in Sources */,
				DA1CC0082289418C0046B4D0 /* CaptureSession+Orientation.swift in Sources */,
				DA1CBFE622892A8C0046B4D0 /* CIRectangleDetector.swift in Sources */,
				DA1CBFD22289229B0046B4D0 /* ActionModel.swift in Sources */,
				DA29DF1122A75FFD00E6DEDB /* ChooseImageViewController.swift in Sources */,
				DA1CBFFC2289403F0046B4D0 /* EditScanViewController.swift in Sources */,
				DA1CBFCD228907A20046B4D0 /* UIWindowExtension.swift in Sources */,
				DA1CBFF022892AF10046B4D0 /* EditScanCornerView.swift in Sources */,
				DABEFFBC228563D8006127BF /* UIColorExtension.swift in Sources */,
				DA1CBFF422892BAB0046B4D0 /* CaptureSessionManager.swift in Sources */,
				DA1CC01C2289430C0046B4D0 /* AVCaptureDeviceExtension.swift in Sources */,
				DA1CBFFE2289404E0046B4D0 /* ZoomGestureController.swift in Sources */,
				DA1CC010228941F90046B4D0 /* CGAffineTransform+Utils.swift in Sources */,
				DA0CA0B8229234E900919BE8 /* ConstantAPI.swift in Sources */,
				DA1CC00A228941B10046B4D0 /* Array+Utils.swift in Sources */,
				DA1CBFD42289242F0046B4D0 /* CaptureImageAction.swift in Sources */,
				DA1CC002228941240046B4D0 /* CaptureSession.swift in Sources */,
			);
			runOnlyForDeploymentPostprocessing = 0;
		};
/* End PBXSourcesBuildPhase section */

/* Begin XCBuildConfiguration section */
		DA80F42A2282D341004285F9 /* Dev */ = {
			isa = XCBuildConfiguration;
			baseConfigurationReference = DA931AEF228405BD0047DC90 /* Dev.xcconfig */;
			buildSettings = {
				ALWAYS_SEARCH_USER_PATHS = NO;
				CLANG_ANALYZER_NONNULL = YES;
				CLANG_ANALYZER_NUMBER_OBJECT_CONVERSION = YES_AGGRESSIVE;
				CLANG_CXX_LANGUAGE_STANDARD = "gnu++14";
				CLANG_CXX_LIBRARY = "libc++";
				CLANG_ENABLE_MODULES = YES;
				CLANG_ENABLE_OBJC_ARC = YES;
				CLANG_ENABLE_OBJC_WEAK = YES;
				CLANG_WARN_BLOCK_CAPTURE_AUTORELEASING = YES;
				CLANG_WARN_BOOL_CONVERSION = YES;
				CLANG_WARN_COMMA = YES;
				CLANG_WARN_CONSTANT_CONVERSION = YES;
				CLANG_WARN_DEPRECATED_OBJC_IMPLEMENTATIONS = YES;
				CLANG_WARN_DIRECT_OBJC_ISA_USAGE = YES_ERROR;
				CLANG_WARN_DOCUMENTATION_COMMENTS = YES;
				CLANG_WARN_EMPTY_BODY = YES;
				CLANG_WARN_ENUM_CONVERSION = YES;
				CLANG_WARN_INFINITE_RECURSION = YES;
				CLANG_WARN_INT_CONVERSION = YES;
				CLANG_WARN_NON_LITERAL_NULL_CONVERSION = YES;
				CLANG_WARN_OBJC_IMPLICIT_RETAIN_SELF = YES;
				CLANG_WARN_OBJC_LITERAL_CONVERSION = YES;
				CLANG_WARN_OBJC_ROOT_CLASS = YES_ERROR;
				CLANG_WARN_RANGE_LOOP_ANALYSIS = YES;
				CLANG_WARN_STRICT_PROTOTYPES = YES;
				CLANG_WARN_SUSPICIOUS_MOVE = YES;
				CLANG_WARN_UNGUARDED_AVAILABILITY = YES_AGGRESSIVE;
				CLANG_WARN_UNREACHABLE_CODE = YES;
				CLANG_WARN__DUPLICATE_METHOD_MATCH = YES;
				CODE_SIGN_IDENTITY = "iPhone Developer";
				COPY_PHASE_STRIP = NO;
				DEBUG_INFORMATION_FORMAT = dwarf;
				ENABLE_STRICT_OBJC_MSGSEND = YES;
				ENABLE_TESTABILITY = YES;
				GCC_C_LANGUAGE_STANDARD = gnu11;
				GCC_DYNAMIC_NO_PIC = NO;
				GCC_NO_COMMON_BLOCKS = YES;
				GCC_OPTIMIZATION_LEVEL = 0;
				GCC_PREPROCESSOR_DEFINITIONS = (
					"DEBUG=1",
					"$(inherited)",
				);
				GCC_WARN_64_TO_32_BIT_CONVERSION = YES;
				GCC_WARN_ABOUT_RETURN_TYPE = YES_ERROR;
				GCC_WARN_UNDECLARED_SELECTOR = YES;
				GCC_WARN_UNINITIALIZED_AUTOS = YES_AGGRESSIVE;
				GCC_WARN_UNUSED_FUNCTION = YES;
				GCC_WARN_UNUSED_VARIABLE = YES;
				IPHONEOS_DEPLOYMENT_TARGET = 10.0;
				MTL_ENABLE_DEBUG_INFO = INCLUDE_SOURCE;
				MTL_FAST_MATH = YES;
				ONLY_ACTIVE_ARCH = YES;
				SDKROOT = iphoneos;
				SWIFT_ACTIVE_COMPILATION_CONDITIONS = DEBUG;
				SWIFT_OPTIMIZATION_LEVEL = "-Onone";
			};
			name = Dev;
		};
		DA80F42D2282D341004285F9 /* Dev */ = {
			isa = XCBuildConfiguration;
			baseConfigurationReference = DA931AEF228405BD0047DC90 /* Dev.xcconfig */;
			buildSettings = {
				ASSETCATALOG_COMPILER_APPICON_NAME = AppIcon;
				CODE_SIGN_STYLE = Automatic;
				DEVELOPMENT_TEAM = SJFV9RP76W;
				INFOPLIST_FILE = "demoCaptureImage/Support Files/Info.plist";
				IPHONEOS_DEPLOYMENT_TARGET = 10.0;
				LD_RUNPATH_SEARCH_PATHS = (
					"$(inherited)",
					"@executable_path/Frameworks",
				);
				PRODUCT_BUNDLE_IDENTIFIER = dev.rakumo.demoCaptureImage;
				PRODUCT_NAME = "$(TARGET_NAME)";
				SWIFT_VERSION = 5.0;
				TARGETED_DEVICE_FAMILY = "1,2";
			};
			name = Dev;
		};
		DA80F4392282D3A8004285F9 /* Stagging */ = {
			isa = XCBuildConfiguration;
			baseConfigurationReference = DA931AF0228405BD0047DC90 /* Stagging.xcconfig */;
			buildSettings = {
				ALWAYS_SEARCH_USER_PATHS = NO;
				CLANG_ANALYZER_NONNULL = YES;
				CLANG_ANALYZER_NUMBER_OBJECT_CONVERSION = YES_AGGRESSIVE;
				CLANG_CXX_LANGUAGE_STANDARD = "gnu++14";
				CLANG_CXX_LIBRARY = "libc++";
				CLANG_ENABLE_MODULES = YES;
				CLANG_ENABLE_OBJC_ARC = YES;
				CLANG_ENABLE_OBJC_WEAK = YES;
				CLANG_WARN_BLOCK_CAPTURE_AUTORELEASING = YES;
				CLANG_WARN_BOOL_CONVERSION = YES;
				CLANG_WARN_COMMA = YES;
				CLANG_WARN_CONSTANT_CONVERSION = YES;
				CLANG_WARN_DEPRECATED_OBJC_IMPLEMENTATIONS = YES;
				CLANG_WARN_DIRECT_OBJC_ISA_USAGE = YES_ERROR;
				CLANG_WARN_DOCUMENTATION_COMMENTS = YES;
				CLANG_WARN_EMPTY_BODY = YES;
				CLANG_WARN_ENUM_CONVERSION = YES;
				CLANG_WARN_INFINITE_RECURSION = YES;
				CLANG_WARN_INT_CONVERSION = YES;
				CLANG_WARN_NON_LITERAL_NULL_CONVERSION = YES;
				CLANG_WARN_OBJC_IMPLICIT_RETAIN_SELF = YES;
				CLANG_WARN_OBJC_LITERAL_CONVERSION = YES;
				CLANG_WARN_OBJC_ROOT_CLASS = YES_ERROR;
				CLANG_WARN_RANGE_LOOP_ANALYSIS = YES;
				CLANG_WARN_STRICT_PROTOTYPES = YES;
				CLANG_WARN_SUSPICIOUS_MOVE = YES;
				CLANG_WARN_UNGUARDED_AVAILABILITY = YES_AGGRESSIVE;
				CLANG_WARN_UNREACHABLE_CODE = YES;
				CLANG_WARN__DUPLICATE_METHOD_MATCH = YES;
				CODE_SIGN_IDENTITY = "iPhone Developer";
				COPY_PHASE_STRIP = NO;
				DEBUG_INFORMATION_FORMAT = "dwarf-with-dsym";
				ENABLE_NS_ASSERTIONS = NO;
				ENABLE_STRICT_OBJC_MSGSEND = YES;
				GCC_C_LANGUAGE_STANDARD = gnu11;
				GCC_NO_COMMON_BLOCKS = YES;
				GCC_WARN_64_TO_32_BIT_CONVERSION = YES;
				GCC_WARN_ABOUT_RETURN_TYPE = YES_ERROR;
				GCC_WARN_UNDECLARED_SELECTOR = YES;
				GCC_WARN_UNINITIALIZED_AUTOS = YES_AGGRESSIVE;
				GCC_WARN_UNUSED_FUNCTION = YES;
				GCC_WARN_UNUSED_VARIABLE = YES;
				IPHONEOS_DEPLOYMENT_TARGET = 10.0;
				MTL_ENABLE_DEBUG_INFO = NO;
				MTL_FAST_MATH = YES;
				SDKROOT = iphoneos;
				SWIFT_COMPILATION_MODE = wholemodule;
				SWIFT_OPTIMIZATION_LEVEL = "-O";
				VALIDATE_PRODUCT = YES;
			};
			name = Stagging;
		};
		DA80F43A2282D3A8004285F9 /* Stagging */ = {
			isa = XCBuildConfiguration;
			baseConfigurationReference = DA931AF0228405BD0047DC90 /* Stagging.xcconfig */;
			buildSettings = {
				ASSETCATALOG_COMPILER_APPICON_NAME = AppIcon;
				CODE_SIGN_STYLE = Automatic;
				DEVELOPMENT_TEAM = SJFV9RP76W;
				INFOPLIST_FILE = "demoCaptureImage/Support Files/Info.plist";
				IPHONEOS_DEPLOYMENT_TARGET = 10.0;
				LD_RUNPATH_SEARCH_PATHS = (
					"$(inherited)",
					"@executable_path/Frameworks",
				);
				PRODUCT_BUNDLE_IDENTIFIER = dev.rakumo.demoCaptureImage;
				PRODUCT_NAME = "$(TARGET_NAME)";
				SWIFT_VERSION = 5.0;
				TARGETED_DEVICE_FAMILY = "1,2";
			};
			name = Stagging;
		};
		DA80F4412282D3C8004285F9 /* Prod */ = {
			isa = XCBuildConfiguration;
			baseConfigurationReference = DA931AEE228405BD0047DC90 /* Prod.xcconfig */;
			buildSettings = {
				ALWAYS_SEARCH_USER_PATHS = NO;
				CLANG_ANALYZER_NONNULL = YES;
				CLANG_ANALYZER_NUMBER_OBJECT_CONVERSION = YES_AGGRESSIVE;
				CLANG_CXX_LANGUAGE_STANDARD = "gnu++14";
				CLANG_CXX_LIBRARY = "libc++";
				CLANG_ENABLE_MODULES = YES;
				CLANG_ENABLE_OBJC_ARC = YES;
				CLANG_ENABLE_OBJC_WEAK = YES;
				CLANG_WARN_BLOCK_CAPTURE_AUTORELEASING = YES;
				CLANG_WARN_BOOL_CONVERSION = YES;
				CLANG_WARN_COMMA = YES;
				CLANG_WARN_CONSTANT_CONVERSION = YES;
				CLANG_WARN_DEPRECATED_OBJC_IMPLEMENTATIONS = YES;
				CLANG_WARN_DIRECT_OBJC_ISA_USAGE = YES_ERROR;
				CLANG_WARN_DOCUMENTATION_COMMENTS = YES;
				CLANG_WARN_EMPTY_BODY = YES;
				CLANG_WARN_ENUM_CONVERSION = YES;
				CLANG_WARN_INFINITE_RECURSION = YES;
				CLANG_WARN_INT_CONVERSION = YES;
				CLANG_WARN_NON_LITERAL_NULL_CONVERSION = YES;
				CLANG_WARN_OBJC_IMPLICIT_RETAIN_SELF = YES;
				CLANG_WARN_OBJC_LITERAL_CONVERSION = YES;
				CLANG_WARN_OBJC_ROOT_CLASS = YES_ERROR;
				CLANG_WARN_RANGE_LOOP_ANALYSIS = YES;
				CLANG_WARN_STRICT_PROTOTYPES = YES;
				CLANG_WARN_SUSPICIOUS_MOVE = YES;
				CLANG_WARN_UNGUARDED_AVAILABILITY = YES_AGGRESSIVE;
				CLANG_WARN_UNREACHABLE_CODE = YES;
				CLANG_WARN__DUPLICATE_METHOD_MATCH = YES;
				CODE_SIGN_IDENTITY = "iPhone Developer";
				COPY_PHASE_STRIP = NO;
				DEBUG_INFORMATION_FORMAT = "dwarf-with-dsym";
				ENABLE_NS_ASSERTIONS = NO;
				ENABLE_STRICT_OBJC_MSGSEND = YES;
				GCC_C_LANGUAGE_STANDARD = gnu11;
				GCC_NO_COMMON_BLOCKS = YES;
				GCC_WARN_64_TO_32_BIT_CONVERSION = YES;
				GCC_WARN_ABOUT_RETURN_TYPE = YES_ERROR;
				GCC_WARN_UNDECLARED_SELECTOR = YES;
				GCC_WARN_UNINITIALIZED_AUTOS = YES_AGGRESSIVE;
				GCC_WARN_UNUSED_FUNCTION = YES;
				GCC_WARN_UNUSED_VARIABLE = YES;
				IPHONEOS_DEPLOYMENT_TARGET = 10.0;
				MTL_ENABLE_DEBUG_INFO = NO;
				MTL_FAST_MATH = YES;
				SDKROOT = iphoneos;
				SWIFT_COMPILATION_MODE = wholemodule;
				SWIFT_OPTIMIZATION_LEVEL = "-O";
				VALIDATE_PRODUCT = YES;
			};
			name = Prod;
		};
		DA80F4422282D3C8004285F9 /* Prod */ = {
			isa = XCBuildConfiguration;
			baseConfigurationReference = DA931AEE228405BD0047DC90 /* Prod.xcconfig */;
			buildSettings = {
				ASSETCATALOG_COMPILER_APPICON_NAME = AppIcon;
				CODE_SIGN_STYLE = Automatic;
				DEVELOPMENT_TEAM = SJFV9RP76W;
				INFOPLIST_FILE = "demoCaptureImage/Support Files/Info.plist";
				IPHONEOS_DEPLOYMENT_TARGET = 10.0;
				LD_RUNPATH_SEARCH_PATHS = (
					"$(inherited)",
					"@executable_path/Frameworks",
				);
				PRODUCT_BUNDLE_IDENTIFIER = dev.rakumo.demoCaptureImage;
				PRODUCT_NAME = "$(TARGET_NAME)";
				SWIFT_VERSION = 5.0;
				TARGETED_DEVICE_FAMILY = "1,2";
			};
			name = Prod;
		};
/* End XCBuildConfiguration section */

/* Begin XCConfigurationList section */
		DA80F3FF2282D33F004285F9 /* Build configuration list for PBXProject "demoCaptureImage" */ = {
			isa = XCConfigurationList;
			buildConfigurations = (
				DA80F42A2282D341004285F9 /* Dev */,
				DA80F4392282D3A8004285F9 /* Stagging */,
				DA80F4412282D3C8004285F9 /* Prod */,
			);
			defaultConfigurationIsVisible = 0;
			defaultConfigurationName = Dev;
		};
		DA80F42C2282D341004285F9 /* Build configuration list for PBXNativeTarget "demoCaptureImage" */ = {
			isa = XCConfigurationList;
			buildConfigurations = (
				DA80F42D2282D341004285F9 /* Dev */,
				DA80F43A2282D3A8004285F9 /* Stagging */,
				DA80F4422282D3C8004285F9 /* Prod */,
			);
			defaultConfigurationIsVisible = 0;
			defaultConfigurationName = Dev;
		};
/* End XCConfigurationList section */
	};
	rootObject = DA80F3FC2282D33F004285F9 /* Project object */;
}
